// !$*UTF8*$!
{
	archiveVersion = 1;
	classes = {
	};
	objectVersion = 50;
	objects = {

/* Begin PBXBuildFile section */
		4A4512AE272B252E0092899D /* BottomBar.swift in Sources */ = {isa = PBXBuildFile; fileRef = 4A4512AD272B252E0092899D /* BottomBar.swift */; };
		4A6384C327288D2A00D8EBDF /* ViewModel.swift in Sources */ = {isa = PBXBuildFile; fileRef = 4A6384C227288D2A00D8EBDF /* ViewModel.swift */; };
		4A79D7212730D4F900C673CE /* Profile.swift in Sources */ = {isa = PBXBuildFile; fileRef = 4A79D7202730D4F900C673CE /* Profile.swift */; };
		A9688072272C767300F0C51A /* User.swift in Sources */ = {isa = PBXBuildFile; fileRef = A9688071272C767300F0C51A /* User.swift */; };
		E5AA645D271F4EFC00D3C4A8 /* AppDelegate.swift in Sources */ = {isa = PBXBuildFile; fileRef = E5AA645C271F4EFC00D3C4A8 /* AppDelegate.swift */; };
		E5AA645F271F4EFC00D3C4A8 /* SceneDelegate.swift in Sources */ = {isa = PBXBuildFile; fileRef = E5AA645E271F4EFC00D3C4A8 /* SceneDelegate.swift */; };
		E5AA6461271F4EFC00D3C4A8 /* ContentView.swift in Sources */ = {isa = PBXBuildFile; fileRef = E5AA6460271F4EFC00D3C4A8 /* ContentView.swift */; };
		E5AA6464271F4EFC00D3C4A8 /* _43App.xcdatamodeld in Sources */ = {isa = PBXBuildFile; fileRef = E5AA6462271F4EFC00D3C4A8 /* _43App.xcdatamodeld */; };
		E5AA6466271F4F0500D3C4A8 /* Assets.xcassets in Resources */ = {isa = PBXBuildFile; fileRef = E5AA6465271F4F0500D3C4A8 /* Assets.xcassets */; };
		E5AA6469271F4F0500D3C4A8 /* Preview Assets.xcassets in Resources */ = {isa = PBXBuildFile; fileRef = E5AA6468271F4F0500D3C4A8 /* Preview Assets.xcassets */; };
		E5AA646C271F4F0500D3C4A8 /* LaunchScreen.storyboard in Resources */ = {isa = PBXBuildFile; fileRef = E5AA646A271F4F0500D3C4A8 /* LaunchScreen.storyboard */; };
		E5AA6477271F4F0500D3C4A8 /* _43AppTests.swift in Sources */ = {isa = PBXBuildFile; fileRef = E5AA6476271F4F0500D3C4A8 /* _43AppTests.swift */; };
		E5AA6482271F4F0500D3C4A8 /* _43AppUITests.swift in Sources */ = {isa = PBXBuildFile; fileRef = E5AA6481271F4F0500D3C4A8 /* _43AppUITests.swift */; };
		E5AA64B12720E08200D3C4A8 /* Location.swift in Sources */ = {isa = PBXBuildFile; fileRef = E5AA64B02720E08200D3C4A8 /* Location.swift */; };
		E5AA64B62720E0AB00D3C4A8 /* MapView.swift in Sources */ = {isa = PBXBuildFile; fileRef = E5AA64B52720E0AB00D3C4A8 /* MapView.swift */; };
		E5AA64BB2720E0D500D3C4A8 /* ViewController.swift in Sources */ = {isa = PBXBuildFile; fileRef = E5AA64BA2720E0D500D3C4A8 /* ViewController.swift */; };
		E5CB3CBA272C563C001936AE /* MemoryPin.swift in Sources */ = {isa = PBXBuildFile; fileRef = E5CB3CB9272C563C001936AE /* MemoryPin.swift */; };
		E5CB3CBF272C568B001936AE /* Tag.swift in Sources */ = {isa = PBXBuildFile; fileRef = E5CB3CBE272C568B001936AE /* Tag.swift */; };
		E5CB3CDA2730D6EF001936AE /* AddPin.swift in Sources */ = {isa = PBXBuildFile; fileRef = E5CB3CD92730D6EF001936AE /* AddPin.swift */; };
/* End PBXBuildFile section */

/* Begin PBXContainerItemProxy section */
		E5AA6473271F4F0500D3C4A8 /* PBXContainerItemProxy */ = {
			isa = PBXContainerItemProxy;
			containerPortal = E5AA6451271F4EFC00D3C4A8 /* Project object */;
			proxyType = 1;
			remoteGlobalIDString = E5AA6458271F4EFC00D3C4A8;
			remoteInfo = 443App;
		};
		E5AA647E271F4F0500D3C4A8 /* PBXContainerItemProxy */ = {
			isa = PBXContainerItemProxy;
			containerPortal = E5AA6451271F4EFC00D3C4A8 /* Project object */;
			proxyType = 1;
			remoteGlobalIDString = E5AA6458271F4EFC00D3C4A8;
			remoteInfo = 443App;
		};
/* End PBXContainerItemProxy section */

/* Begin PBXFileReference section */
		4A4512AD272B252E0092899D /* BottomBar.swift */ = {isa = PBXFileReference; lastKnownFileType = sourcecode.swift; path = BottomBar.swift; sourceTree = "<group>"; };
		4A6384C227288D2A00D8EBDF /* ViewModel.swift */ = {isa = PBXFileReference; lastKnownFileType = sourcecode.swift; path = ViewModel.swift; sourceTree = "<group>"; };
		4A79D7202730D4F900C673CE /* Profile.swift */ = {isa = PBXFileReference; lastKnownFileType = sourcecode.swift; path = Profile.swift; sourceTree = "<group>"; };
		A9688071272C767300F0C51A /* User.swift */ = {isa = PBXFileReference; lastKnownFileType = sourcecode.swift; path = User.swift; sourceTree = "<group>"; };
		E5AA6459271F4EFC00D3C4A8 /* 443App.app */ = {isa = PBXFileReference; explicitFileType = wrapper.application; includeInIndex = 0; path = 443App.app; sourceTree = BUILT_PRODUCTS_DIR; };
		E5AA645C271F4EFC00D3C4A8 /* AppDelegate.swift */ = {isa = PBXFileReference; lastKnownFileType = sourcecode.swift; path = AppDelegate.swift; sourceTree = "<group>"; };
		E5AA645E271F4EFC00D3C4A8 /* SceneDelegate.swift */ = {isa = PBXFileReference; lastKnownFileType = sourcecode.swift; path = SceneDelegate.swift; sourceTree = "<group>"; };
		E5AA6460271F4EFC00D3C4A8 /* ContentView.swift */ = {isa = PBXFileReference; lastKnownFileType = sourcecode.swift; path = ContentView.swift; sourceTree = "<group>"; };
		E5AA6463271F4EFC00D3C4A8 /* _43App.xcdatamodel */ = {isa = PBXFileReference; lastKnownFileType = wrapper.xcdatamodel; path = _43App.xcdatamodel; sourceTree = "<group>"; };
		E5AA6465271F4F0500D3C4A8 /* Assets.xcassets */ = {isa = PBXFileReference; lastKnownFileType = folder.assetcatalog; path = Assets.xcassets; sourceTree = "<group>"; };
		E5AA6468271F4F0500D3C4A8 /* Preview Assets.xcassets */ = {isa = PBXFileReference; lastKnownFileType = folder.assetcatalog; path = "Preview Assets.xcassets"; sourceTree = "<group>"; };
		E5AA646B271F4F0500D3C4A8 /* Base */ = {isa = PBXFileReference; lastKnownFileType = file.storyboard; name = Base; path = Base.lproj/LaunchScreen.storyboard; sourceTree = "<group>"; };
		E5AA646D271F4F0500D3C4A8 /* Info.plist */ = {isa = PBXFileReference; lastKnownFileType = text.plist.xml; path = Info.plist; sourceTree = "<group>"; };
		E5AA6472271F4F0500D3C4A8 /* 443AppTests.xctest */ = {isa = PBXFileReference; explicitFileType = wrapper.cfbundle; includeInIndex = 0; path = 443AppTests.xctest; sourceTree = BUILT_PRODUCTS_DIR; };
		E5AA6476271F4F0500D3C4A8 /* _43AppTests.swift */ = {isa = PBXFileReference; lastKnownFileType = sourcecode.swift; path = _43AppTests.swift; sourceTree = "<group>"; };
		E5AA6478271F4F0500D3C4A8 /* Info.plist */ = {isa = PBXFileReference; lastKnownFileType = text.plist.xml; path = Info.plist; sourceTree = "<group>"; };
		E5AA647D271F4F0500D3C4A8 /* 443AppUITests.xctest */ = {isa = PBXFileReference; explicitFileType = wrapper.cfbundle; includeInIndex = 0; path = 443AppUITests.xctest; sourceTree = BUILT_PRODUCTS_DIR; };
		E5AA6481271F4F0500D3C4A8 /* _43AppUITests.swift */ = {isa = PBXFileReference; lastKnownFileType = sourcecode.swift; path = _43AppUITests.swift; sourceTree = "<group>"; };
		E5AA6483271F4F0500D3C4A8 /* Info.plist */ = {isa = PBXFileReference; lastKnownFileType = text.plist.xml; path = Info.plist; sourceTree = "<group>"; };
		E5AA649F27204F2600D3C4A8 /* Struct.playground */ = {isa = PBXFileReference; lastKnownFileType = file.playground; path = Struct.playground; sourceTree = "<group>"; xcLanguageSpecificationIdentifier = xcode.lang.swift; };
		E5AA64B02720E08200D3C4A8 /* Location.swift */ = {isa = PBXFileReference; lastKnownFileType = sourcecode.swift; path = Location.swift; sourceTree = "<group>"; };
		E5AA64B52720E0AB00D3C4A8 /* MapView.swift */ = {isa = PBXFileReference; lastKnownFileType = sourcecode.swift; path = MapView.swift; sourceTree = "<group>"; };
		E5AA64BA2720E0D500D3C4A8 /* ViewController.swift */ = {isa = PBXFileReference; lastKnownFileType = sourcecode.swift; path = ViewController.swift; sourceTree = "<group>"; };
		E5CB3CB9272C563C001936AE /* MemoryPin.swift */ = {isa = PBXFileReference; lastKnownFileType = sourcecode.swift; path = MemoryPin.swift; sourceTree = "<group>"; };
		E5CB3CBE272C568B001936AE /* Tag.swift */ = {isa = PBXFileReference; lastKnownFileType = sourcecode.swift; path = Tag.swift; sourceTree = "<group>"; };
		E5CB3CD92730D6EF001936AE /* AddPin.swift */ = {isa = PBXFileReference; lastKnownFileType = sourcecode.swift; path = AddPin.swift; sourceTree = "<group>"; };
/* End PBXFileReference section */

/* Begin PBXFrameworksBuildPhase section */
		E5AA6456271F4EFC00D3C4A8 /* Frameworks */ = {
			isa = PBXFrameworksBuildPhase;
			buildActionMask = 2147483647;
			files = (
			);
			runOnlyForDeploymentPostprocessing = 0;
		};
		E5AA646F271F4F0500D3C4A8 /* Frameworks */ = {
			isa = PBXFrameworksBuildPhase;
			buildActionMask = 2147483647;
			files = (
			);
			runOnlyForDeploymentPostprocessing = 0;
		};
		E5AA647A271F4F0500D3C4A8 /* Frameworks */ = {
			isa = PBXFrameworksBuildPhase;
			buildActionMask = 2147483647;
			files = (
			);
			runOnlyForDeploymentPostprocessing = 0;
		};
/* End PBXFrameworksBuildPhase section */

/* Begin PBXGroup section */
		E5AA6450271F4EFC00D3C4A8 = {
			isa = PBXGroup;
			children = (
				E5AA649F27204F2600D3C4A8 /* Struct.playground */,
				E5AA645B271F4EFC00D3C4A8 /* 443App */,
				E5AA6475271F4F0500D3C4A8 /* 443AppTests */,
				E5AA6480271F4F0500D3C4A8 /* 443AppUITests */,
				E5AA645A271F4EFC00D3C4A8 /* Products */,
			);
			sourceTree = "<group>";
		};
		E5AA645A271F4EFC00D3C4A8 /* Products */ = {
			isa = PBXGroup;
			children = (
				E5AA6459271F4EFC00D3C4A8 /* 443App.app */,
				E5AA6472271F4F0500D3C4A8 /* 443AppTests.xctest */,
				E5AA647D271F4F0500D3C4A8 /* 443AppUITests.xctest */,
			);
			name = Products;
			sourceTree = "<group>";
		};
		E5AA645B271F4EFC00D3C4A8 /* 443App */ = {
			isa = PBXGroup;
			children = (
				E5AA645C271F4EFC00D3C4A8 /* AppDelegate.swift */,
				E5CB3CB9272C563C001936AE /* MemoryPin.swift */,
				E5CB3CBE272C568B001936AE /* Tag.swift */,
				E5AA64B02720E08200D3C4A8 /* Location.swift */,
				E5AA64B52720E0AB00D3C4A8 /* MapView.swift */,
				E5AA64BA2720E0D500D3C4A8 /* ViewController.swift */,
				E5AA645E271F4EFC00D3C4A8 /* SceneDelegate.swift */,
				E5AA6460271F4EFC00D3C4A8 /* ContentView.swift */,
				E5AA6465271F4F0500D3C4A8 /* Assets.xcassets */,
				E5AA646A271F4F0500D3C4A8 /* LaunchScreen.storyboard */,
				E5AA646D271F4F0500D3C4A8 /* Info.plist */,
				E5AA6462271F4EFC00D3C4A8 /* _43App.xcdatamodeld */,
				E5AA6467271F4F0500D3C4A8 /* Preview Content */,
				4A6384C227288D2A00D8EBDF /* ViewModel.swift */,
				4A4512AD272B252E0092899D /* BottomBar.swift */,
				E5CB3CD92730D6EF001936AE /* AddPin.swift */,
				A9688071272C767300F0C51A /* User.swift */,
				4A79D7202730D4F900C673CE /* Profile.swift */,
			);
			path = 443App;
			sourceTree = "<group>";
		};
		E5AA6467271F4F0500D3C4A8 /* Preview Content */ = {
			isa = PBXGroup;
			children = (
				E5AA6468271F4F0500D3C4A8 /* Preview Assets.xcassets */,
			);
			path = "Preview Content";
			sourceTree = "<group>";
		};
		E5AA6475271F4F0500D3C4A8 /* 443AppTests */ = {
			isa = PBXGroup;
			children = (
				E5AA6476271F4F0500D3C4A8 /* _43AppTests.swift */,
				E5AA6478271F4F0500D3C4A8 /* Info.plist */,
			);
			path = 443AppTests;
			sourceTree = "<group>";
		};
		E5AA6480271F4F0500D3C4A8 /* 443AppUITests */ = {
			isa = PBXGroup;
			children = (
				E5AA6481271F4F0500D3C4A8 /* _43AppUITests.swift */,
				E5AA6483271F4F0500D3C4A8 /* Info.plist */,
			);
			path = 443AppUITests;
			sourceTree = "<group>";
		};
/* End PBXGroup section */

/* Begin PBXNativeTarget section */
		E5AA6458271F4EFC00D3C4A8 /* 443App */ = {
			isa = PBXNativeTarget;
			buildConfigurationList = E5AA6486271F4F0500D3C4A8 /* Build configuration list for PBXNativeTarget "443App" */;
			buildPhases = (
				E5AA6455271F4EFC00D3C4A8 /* Sources */,
				E5AA6456271F4EFC00D3C4A8 /* Frameworks */,
				E5AA6457271F4EFC00D3C4A8 /* Resources */,
			);
			buildRules = (
			);
			dependencies = (
			);
			name = 443App;
			productName = 443App;
			productReference = E5AA6459271F4EFC00D3C4A8 /* 443App.app */;
			productType = "com.apple.product-type.application";
		};
		E5AA6471271F4F0500D3C4A8 /* 443AppTests */ = {
			isa = PBXNativeTarget;
			buildConfigurationList = E5AA6489271F4F0500D3C4A8 /* Build configuration list for PBXNativeTarget "443AppTests" */;
			buildPhases = (
				E5AA646E271F4F0500D3C4A8 /* Sources */,
				E5AA646F271F4F0500D3C4A8 /* Frameworks */,
				E5AA6470271F4F0500D3C4A8 /* Resources */,
			);
			buildRules = (
			);
			dependencies = (
				E5AA6474271F4F0500D3C4A8 /* PBXTargetDependency */,
			);
			name = 443AppTests;
			productName = 443AppTests;
			productReference = E5AA6472271F4F0500D3C4A8 /* 443AppTests.xctest */;
			productType = "com.apple.product-type.bundle.unit-test";
		};
		E5AA647C271F4F0500D3C4A8 /* 443AppUITests */ = {
			isa = PBXNativeTarget;
			buildConfigurationList = E5AA648C271F4F0500D3C4A8 /* Build configuration list for PBXNativeTarget "443AppUITests" */;
			buildPhases = (
				E5AA6479271F4F0500D3C4A8 /* Sources */,
				E5AA647A271F4F0500D3C4A8 /* Frameworks */,
				E5AA647B271F4F0500D3C4A8 /* Resources */,
			);
			buildRules = (
			);
			dependencies = (
				E5AA647F271F4F0500D3C4A8 /* PBXTargetDependency */,
			);
			name = 443AppUITests;
			productName = 443AppUITests;
			productReference = E5AA647D271F4F0500D3C4A8 /* 443AppUITests.xctest */;
			productType = "com.apple.product-type.bundle.ui-testing";
		};
/* End PBXNativeTarget section */

/* Begin PBXProject section */
		E5AA6451271F4EFC00D3C4A8 /* Project object */ = {
			isa = PBXProject;
			attributes = {
				LastSwiftUpdateCheck = 1240;
				LastUpgradeCheck = 1240;
				TargetAttributes = {
					E5AA6458271F4EFC00D3C4A8 = {
						CreatedOnToolsVersion = 12.4;
					};
					E5AA6471271F4F0500D3C4A8 = {
						CreatedOnToolsVersion = 12.4;
						TestTargetID = E5AA6458271F4EFC00D3C4A8;
					};
					E5AA647C271F4F0500D3C4A8 = {
						CreatedOnToolsVersion = 12.4;
						TestTargetID = E5AA6458271F4EFC00D3C4A8;
					};
				};
			};
			buildConfigurationList = E5AA6454271F4EFC00D3C4A8 /* Build configuration list for PBXProject "443App" */;
			compatibilityVersion = "Xcode 9.3";
			developmentRegion = en;
			hasScannedForEncodings = 0;
			knownRegions = (
				en,
				Base,
			);
			mainGroup = E5AA6450271F4EFC00D3C4A8;
			productRefGroup = E5AA645A271F4EFC00D3C4A8 /* Products */;
			projectDirPath = "";
			projectRoot = "";
			targets = (
				E5AA6458271F4EFC00D3C4A8 /* 443App */,
				E5AA6471271F4F0500D3C4A8 /* 443AppTests */,
				E5AA647C271F4F0500D3C4A8 /* 443AppUITests */,
			);
		};
/* End PBXProject section */

/* Begin PBXResourcesBuildPhase section */
		E5AA6457271F4EFC00D3C4A8 /* Resources */ = {
			isa = PBXResourcesBuildPhase;
			buildActionMask = 2147483647;
			files = (
				E5AA646C271F4F0500D3C4A8 /* LaunchScreen.storyboard in Resources */,
				E5AA6469271F4F0500D3C4A8 /* Preview Assets.xcassets in Resources */,
				E5AA6466271F4F0500D3C4A8 /* Assets.xcassets in Resources */,
			);
			runOnlyForDeploymentPostprocessing = 0;
		};
		E5AA6470271F4F0500D3C4A8 /* Resources */ = {
			isa = PBXResourcesBuildPhase;
			buildActionMask = 2147483647;
			files = (
			);
			runOnlyForDeploymentPostprocessing = 0;
		};
		E5AA647B271F4F0500D3C4A8 /* Resources */ = {
			isa = PBXResourcesBuildPhase;
			buildActionMask = 2147483647;
			files = (
			);
			runOnlyForDeploymentPostprocessing = 0;
		};
/* End PBXResourcesBuildPhase section */

/* Begin PBXSourcesBuildPhase section */
		E5AA6455271F4EFC00D3C4A8 /* Sources */ = {
			isa = PBXSourcesBuildPhase;
			buildActionMask = 2147483647;
			files = (
				E5CB3CBA272C563C001936AE /* MemoryPin.swift in Sources */,
				E5AA645D271F4EFC00D3C4A8 /* AppDelegate.swift in Sources */,
				4A6384C327288D2A00D8EBDF /* ViewModel.swift in Sources */,
				4A79D7212730D4F900C673CE /* Profile.swift in Sources */,
				4A4512AE272B252E0092899D /* BottomBar.swift in Sources */,
				E5AA64B62720E0AB00D3C4A8 /* MapView.swift in Sources */,
				E5AA645F271F4EFC00D3C4A8 /* SceneDelegate.swift in Sources */,
				E5CB3CBF272C568B001936AE /* Tag.swift in Sources */,
				E5AA64B12720E08200D3C4A8 /* Location.swift in Sources */,
				E5CB3CDA2730D6EF001936AE /* AddPin.swift in Sources */,
				A9688072272C767300F0C51A /* User.swift in Sources */,
				E5AA64BB2720E0D500D3C4A8 /* ViewController.swift in Sources */,
				E5AA6464271F4EFC00D3C4A8 /* _43App.xcdatamodeld in Sources */,
				E5AA6461271F4EFC00D3C4A8 /* ContentView.swift in Sources */,
			);
			runOnlyForDeploymentPostprocessing = 0;
		};
		E5AA646E271F4F0500D3C4A8 /* Sources */ = {
			isa = PBXSourcesBuildPhase;
			buildActionMask = 2147483647;
			files = (
				E5AA6477271F4F0500D3C4A8 /* _43AppTests.swift in Sources */,
			);
			runOnlyForDeploymentPostprocessing = 0;
		};
		E5AA6479271F4F0500D3C4A8 /* Sources */ = {
			isa = PBXSourcesBuildPhase;
			buildActionMask = 2147483647;
			files = (
				E5AA6482271F4F0500D3C4A8 /* _43AppUITests.swift in Sources */,
			);
			runOnlyForDeploymentPostprocessing = 0;
		};
/* End PBXSourcesBuildPhase section */

/* Begin PBXTargetDependency section */
		E5AA6474271F4F0500D3C4A8 /* PBXTargetDependency */ = {
			isa = PBXTargetDependency;
			target = E5AA6458271F4EFC00D3C4A8 /* 443App */;
			targetProxy = E5AA6473271F4F0500D3C4A8 /* PBXContainerItemProxy */;
		};
		E5AA647F271F4F0500D3C4A8 /* PBXTargetDependency */ = {
			isa = PBXTargetDependency;
			target = E5AA6458271F4EFC00D3C4A8 /* 443App */;
			targetProxy = E5AA647E271F4F0500D3C4A8 /* PBXContainerItemProxy */;
		};
/* End PBXTargetDependency section */

/* Begin PBXVariantGroup section */
		E5AA646A271F4F0500D3C4A8 /* LaunchScreen.storyboard */ = {
			isa = PBXVariantGroup;
			children = (
				E5AA646B271F4F0500D3C4A8 /* Base */,
			);
			name = LaunchScreen.storyboard;
			sourceTree = "<group>";
		};
/* End PBXVariantGroup section */

/* Begin XCBuildConfiguration section */
		E5AA6484271F4F0500D3C4A8 /* Debug */ = {
			isa = XCBuildConfiguration;
			buildSettings = {
				ALWAYS_SEARCH_USER_PATHS = NO;
				CLANG_ANALYZER_NONNULL = YES;
				CLANG_ANALYZER_NUMBER_OBJECT_CONVERSION = YES_AGGRESSIVE;
				CLANG_CXX_LANGUAGE_STANDARD = "gnu++14";
				CLANG_CXX_LIBRARY = "libc++";
				CLANG_ENABLE_MODULES = YES;
				CLANG_ENABLE_OBJC_ARC = YES;
				CLANG_ENABLE_OBJC_WEAK = YES;
				CLANG_WARN_BLOCK_CAPTURE_AUTORELEASING = YES;
				CLANG_WARN_BOOL_CONVERSION = YES;
				CLANG_WARN_COMMA = YES;
				CLANG_WARN_CONSTANT_CONVERSION = YES;
				CLANG_WARN_DEPRECATED_OBJC_IMPLEMENTATIONS = YES;
				CLANG_WARN_DIRECT_OBJC_ISA_USAGE = YES_ERROR;
				CLANG_WARN_DOCUMENTATION_COMMENTS = YES;
				CLANG_WARN_EMPTY_BODY = YES;
				CLANG_WARN_ENUM_CONVERSION = YES;
				CLANG_WARN_INFINITE_RECURSION = YES;
				CLANG_WARN_INT_CONVERSION = YES;
				CLANG_WARN_NON_LITERAL_NULL_CONVERSION = YES;
				CLANG_WARN_OBJC_IMPLICIT_RETAIN_SELF = YES;
				CLANG_WARN_OBJC_LITERAL_CONVERSION = YES;
				CLANG_WARN_OBJC_ROOT_CLASS = YES_ERROR;
				CLANG_WARN_QUOTED_INCLUDE_IN_FRAMEWORK_HEADER = YES;
				CLANG_WARN_RANGE_LOOP_ANALYSIS = YES;
				CLANG_WARN_STRICT_PROTOTYPES = YES;
				CLANG_WARN_SUSPICIOUS_MOVE = YES;
				CLANG_WARN_UNGUARDED_AVAILABILITY = YES_AGGRESSIVE;
				CLANG_WARN_UNREACHABLE_CODE = YES;
				CLANG_WARN__DUPLICATE_METHOD_MATCH = YES;
				COPY_PHASE_STRIP = NO;
				DEBUG_INFORMATION_FORMAT = dwarf;
				ENABLE_STRICT_OBJC_MSGSEND = YES;
				ENABLE_TESTABILITY = YES;
				GCC_C_LANGUAGE_STANDARD = gnu11;
				GCC_DYNAMIC_NO_PIC = NO;
				GCC_NO_COMMON_BLOCKS = YES;
				GCC_OPTIMIZATION_LEVEL = 0;
				GCC_PREPROCESSOR_DEFINITIONS = (
					"DEBUG=1",
					"$(inherited)",
				);
				GCC_WARN_64_TO_32_BIT_CONVERSION = YES;
				GCC_WARN_ABOUT_RETURN_TYPE = YES_ERROR;
				GCC_WARN_UNDECLARED_SELECTOR = YES;
				GCC_WARN_UNINITIALIZED_AUTOS = YES_AGGRESSIVE;
				GCC_WARN_UNUSED_FUNCTION = YES;
				GCC_WARN_UNUSED_VARIABLE = YES;
				IPHONEOS_DEPLOYMENT_TARGET = 14.4;
				MTL_ENABLE_DEBUG_INFO = INCLUDE_SOURCE;
				MTL_FAST_MATH = YES;
				ONLY_ACTIVE_ARCH = YES;
				SDKROOT = iphoneos;
				SWIFT_ACTIVE_COMPILATION_CONDITIONS = DEBUG;
				SWIFT_OPTIMIZATION_LEVEL = "-Onone";
			};
			name = Debug;
		};
		E5AA6485271F4F0500D3C4A8 /* Release */ = {
			isa = XCBuildConfiguration;
			buildSettings = {
				ALWAYS_SEARCH_USER_PATHS = NO;
				CLANG_ANALYZER_NONNULL = YES;
				CLANG_ANALYZER_NUMBER_OBJECT_CONVERSION = YES_AGGRESSIVE;
				CLANG_CXX_LANGUAGE_STANDARD = "gnu++14";
				CLANG_CXX_LIBRARY = "libc++";
				CLANG_ENABLE_MODULES = YES;
				CLANG_ENABLE_OBJC_ARC = YES;
				CLANG_ENABLE_OBJC_WEAK = YES;
				CLANG_WARN_BLOCK_CAPTURE_AUTORELEASING = YES;
				CLANG_WARN_BOOL_CONVERSION = YES;
				CLANG_WARN_COMMA = YES;
				CLANG_WARN_CONSTANT_CONVERSION = YES;
				CLANG_WARN_DEPRECATED_OBJC_IMPLEMENTATIONS = YES;
				CLANG_WARN_DIRECT_OBJC_ISA_USAGE = YES_ERROR;
				CLANG_WARN_DOCUMENTATION_COMMENTS = YES;
				CLANG_WARN_EMPTY_BODY = YES;
				CLANG_WARN_ENUM_CONVERSION = YES;
				CLANG_WARN_INFINITE_RECURSION = YES;
				CLANG_WARN_INT_CONVERSION = YES;
				CLANG_WARN_NON_LITERAL_NULL_CONVERSION = YES;
				CLANG_WARN_OBJC_IMPLICIT_RETAIN_SELF = YES;
				CLANG_WARN_OBJC_LITERAL_CONVERSION = YES;
				CLANG_WARN_OBJC_ROOT_CLASS = YES_ERROR;
				CLANG_WARN_QUOTED_INCLUDE_IN_FRAMEWORK_HEADER = YES;
				CLANG_WARN_RANGE_LOOP_ANALYSIS = YES;
				CLANG_WARN_STRICT_PROTOTYPES = YES;
				CLANG_WARN_SUSPICIOUS_MOVE = YES;
				CLANG_WARN_UNGUARDED_AVAILABILITY = YES_AGGRESSIVE;
				CLANG_WARN_UNREACHABLE_CODE = YES;
				CLANG_WARN__DUPLICATE_METHOD_MATCH = YES;
				COPY_PHASE_STRIP = NO;
				DEBUG_INFORMATION_FORMAT = "dwarf-with-dsym";
				ENABLE_NS_ASSERTIONS = NO;
				ENABLE_STRICT_OBJC_MSGSEND = YES;
				GCC_C_LANGUAGE_STANDARD = gnu11;
				GCC_NO_COMMON_BLOCKS = YES;
				GCC_WARN_64_TO_32_BIT_CONVERSION = YES;
				GCC_WARN_ABOUT_RETURN_TYPE = YES_ERROR;
				GCC_WARN_UNDECLARED_SELECTOR = YES;
				GCC_WARN_UNINITIALIZED_AUTOS = YES_AGGRESSIVE;
				GCC_WARN_UNUSED_FUNCTION = YES;
				GCC_WARN_UNUSED_VARIABLE = YES;
				IPHONEOS_DEPLOYMENT_TARGET = 14.4;
				MTL_ENABLE_DEBUG_INFO = NO;
				MTL_FAST_MATH = YES;
				SDKROOT = iphoneos;
				SWIFT_COMPILATION_MODE = wholemodule;
				SWIFT_OPTIMIZATION_LEVEL = "-O";
				VALIDATE_PRODUCT = YES;
			};
			name = Release;
		};
		E5AA6487271F4F0500D3C4A8 /* Debug */ = {
			isa = XCBuildConfiguration;
			buildSettings = {
				ASSETCATALOG_COMPILER_APPICON_NAME = AppIcon;
				ASSETCATALOG_COMPILER_GLOBAL_ACCENT_COLOR_NAME = AccentColor;
				CODE_SIGN_STYLE = Automatic;
				DEVELOPMENT_ASSET_PATHS = "\"443App/Preview Content\"";
				ENABLE_PREVIEWS = YES;
				INFOPLIST_FILE = 443App/Info.plist;
				LD_RUNPATH_SEARCH_PATHS = (
					"$(inherited)",
					"@executable_path/Frameworks",
				);
				PRODUCT_BUNDLE_IDENTIFIER = "simranvirdi.-43App";
				PRODUCT_NAME = "$(TARGET_NAME)";
				SWIFT_VERSION = 5.0;
				TARGETED_DEVICE_FAMILY = "1,2";
			};
			name = Debug;
		};
		E5AA6488271F4F0500D3C4A8 /* Release */ = {
			isa = XCBuildConfiguration;
			buildSettings = {
				ASSETCATALOG_COMPILER_APPICON_NAME = AppIcon;
				ASSETCATALOG_COMPILER_GLOBAL_ACCENT_COLOR_NAME = AccentColor;
				CODE_SIGN_STYLE = Automatic;
				DEVELOPMENT_ASSET_PATHS = "\"443App/Preview Content\"";
				ENABLE_PREVIEWS = YES;
				INFOPLIST_FILE = 443App/Info.plist;
				LD_RUNPATH_SEARCH_PATHS = (
					"$(inherited)",
					"@executable_path/Frameworks",
				);
				PRODUCT_BUNDLE_IDENTIFIER = "simranvirdi.-43App";
				PRODUCT_NAME = "$(TARGET_NAME)";
				SWIFT_VERSION = 5.0;
				TARGETED_DEVICE_FAMILY = "1,2";
			};
			name = Release;
		};
		E5AA648A271F4F0500D3C4A8 /* Debug */ = {
			isa = XCBuildConfiguration;
			buildSettings = {
				ALWAYS_EMBED_SWIFT_STANDARD_LIBRARIES = YES;
				BUNDLE_LOADER = "$(TEST_HOST)";
				CODE_SIGN_STYLE = Automatic;
				INFOPLIST_FILE = 443AppTests/Info.plist;
				IPHONEOS_DEPLOYMENT_TARGET = 14.4;
				LD_RUNPATH_SEARCH_PATHS = (
					"$(inherited)",
					"@executable_path/Frameworks",
					"@loader_path/Frameworks",
				);
				PRODUCT_BUNDLE_IDENTIFIER = "simranvirdi.-43AppTests";
				PRODUCT_NAME = "$(TARGET_NAME)";
				SWIFT_VERSION = 5.0;
				TARGETED_DEVICE_FAMILY = "1,2";
				TEST_HOST = "$(BUILT_PRODUCTS_DIR)/443App.app/443App";
			};
			name = Debug;
		};
		E5AA648B271F4F0500D3C4A8 /* Release */ = {
			isa = XCBuildConfiguration;
			buildSettings = {
				ALWAYS_EMBED_SWIFT_STANDARD_LIBRARIES = YES;
				BUNDLE_LOADER = "$(TEST_HOST)";
				CODE_SIGN_STYLE = Automatic;
				INFOPLIST_FILE = 443AppTests/Info.plist;
				IPHONEOS_DEPLOYMENT_TARGET = 14.4;
				LD_RUNPATH_SEARCH_PATHS = (
					"$(inherited)",
					"@executable_path/Frameworks",
					"@loader_path/Frameworks",
				);
				PRODUCT_BUNDLE_IDENTIFIER = "simranvirdi.-43AppTests";
				PRODUCT_NAME = "$(TARGET_NAME)";
				SWIFT_VERSION = 5.0;
				TARGETED_DEVICE_FAMILY = "1,2";
				TEST_HOST = "$(BUILT_PRODUCTS_DIR)/443App.app/443App";
			};
			name = Release;
		};
		E5AA648D271F4F0500D3C4A8 /* Debug */ = {
			isa = XCBuildConfiguration;
			buildSettings = {
				ALWAYS_EMBED_SWIFT_STANDARD_LIBRARIES = YES;
				CODE_SIGN_STYLE = Automatic;
				INFOPLIST_FILE = 443AppUITests/Info.plist;
				LD_RUNPATH_SEARCH_PATHS = (
					"$(inherited)",
					"@executable_path/Frameworks",
					"@loader_path/Frameworks",
				);
				PRODUCT_BUNDLE_IDENTIFIER = "simranvirdi.-43AppUITests";
				PRODUCT_NAME = "$(TARGET_NAME)";
				SWIFT_VERSION = 5.0;
				TARGETED_DEVICE_FAMILY = "1,2";
				TEST_TARGET_NAME = 443App;
			};
			name = Debug;
		};
		E5AA648E271F4F0500D3C4A8 /* Release */ = {
			isa = XCBuildConfiguration;
			buildSettings = {
				ALWAYS_EMBED_SWIFT_STANDARD_LIBRARIES = YES;
				CODE_SIGN_STYLE = Automatic;
				INFOPLIST_FILE = 443AppUITests/Info.plist;
				LD_RUNPATH_SEARCH_PATHS = (
					"$(inherited)",
					"@executable_path/Frameworks",
					"@loader_path/Frameworks",
				);
				PRODUCT_BUNDLE_IDENTIFIER = "simranvirdi.-43AppUITests";
				PRODUCT_NAME = "$(TARGET_NAME)";
				SWIFT_VERSION = 5.0;
				TARGETED_DEVICE_FAMILY = "1,2";
				TEST_TARGET_NAME = 443App;
			};
			name = Release;
		};
/* End XCBuildConfiguration section */

/* Begin XCConfigurationList section */
		E5AA6454271F4EFC00D3C4A8 /* Build configuration list for PBXProject "443App" */ = {
			isa = XCConfigurationList;
			buildConfigurations = (
				E5AA6484271F4F0500D3C4A8 /* Debug */,
				E5AA6485271F4F0500D3C4A8 /* Release */,
			);
			defaultConfigurationIsVisible = 0;
			defaultConfigurationName = Release;
		};
		E5AA6486271F4F0500D3C4A8 /* Build configuration list for PBXNativeTarget "443App" */ = {
			isa = XCConfigurationList;
			buildConfigurations = (
				E5AA6487271F4F0500D3C4A8 /* Debug */,
				E5AA6488271F4F0500D3C4A8 /* Release */,
			);
			defaultConfigurationIsVisible = 0;
			defaultConfigurationName = Release;
		};
		E5AA6489271F4F0500D3C4A8 /* Build configuration list for PBXNativeTarget "443AppTests" */ = {
			isa = XCConfigurationList;
			buildConfigurations = (
				E5AA648A271F4F0500D3C4A8 /* Debug */,
				E5AA648B271F4F0500D3C4A8 /* Release */,
			);
			defaultConfigurationIsVisible = 0;
			defaultConfigurationName = Release;
		};
		E5AA648C271F4F0500D3C4A8 /* Build configuration list for PBXNativeTarget "443AppUITests" */ = {
			isa = XCConfigurationList;
			buildConfigurations = (
				E5AA648D271F4F0500D3C4A8 /* Debug */,
				E5AA648E271F4F0500D3C4A8 /* Release */,
			);
			defaultConfigurationIsVisible = 0;
			defaultConfigurationName = Release;
		};
/* End XCConfigurationList section */

/* Begin XCVersionGroup section */
		E5AA6462271F4EFC00D3C4A8 /* _43App.xcdatamodeld */ = {
			isa = XCVersionGroup;
			children = (
				E5AA6463271F4EFC00D3C4A8 /* _43App.xcdatamodel */,
			);
			currentVersion = E5AA6463271F4EFC00D3C4A8 /* _43App.xcdatamodel */;
			path = _43App.xcdatamodeld;
			sourceTree = "<group>";
			versionGroupType = wrapper.xcdatamodel;
		};
/* End XCVersionGroup section */
	};
	rootObject = E5AA6451271F4EFC00D3C4A8 /* Project object */;
}
