// !$*UTF8*$!
{
	archiveVersion = 1;
	classes = {
	};
	objectVersion = 51;
	objects = {

/* Begin PBXBuildFile section */
		4A3EF40B2742210B0034E3DD /* EditPin.swift in Sources */ = {isa = PBXBuildFile; fileRef = 4A3EF40A2742210B0034E3DD /* EditPin.swift */; };
		4A4512AE272B252E0092899D /* BottomBar.swift in Sources */ = {isa = PBXBuildFile; fileRef = 4A4512AD272B252E0092899D /* BottomBar.swift */; };
		4A79D7212730D4F900C673CE /* Profile.swift in Sources */ = {isa = PBXBuildFile; fileRef = 4A79D7202730D4F900C673CE /* Profile.swift */; };
		4A9218E0273E1637007BB343 /* Journal.swift in Sources */ = {isa = PBXBuildFile; fileRef = 4A9218DF273E1637007BB343 /* Journal.swift */; };
		4ADCF6D127357CF3001F7F5D /* ProfileTests.swift in Sources */ = {isa = PBXBuildFile; fileRef = 4ADCF6D027357CF3001F7F5D /* ProfileTests.swift */; };
		80290E763D3C4B170D8A3648 /* Pods_443App_443AppUITests.framework in Frameworks */ = {isa = PBXBuildFile; fileRef = 8714FE310AF5834F4E8D329C /* Pods_443App_443AppUITests.framework */; };
		A9688072272C767300F0C51A /* User.swift in Sources */ = {isa = PBXBuildFile; fileRef = A9688071272C767300F0C51A /* User.swift */; };
		A994B61F2734CD3B00F293FD /* ViewTests.swift in Sources */ = {isa = PBXBuildFile; fileRef = A994B61E2734CD3B00F293FD /* ViewTests.swift */; };
		A9D41DED27419FEA001944F4 /* SetPinLocationView.swift in Sources */ = {isa = PBXBuildFile; fileRef = A9D41DEC27419FEA001944F4 /* SetPinLocationView.swift */; };
		E5191CE2273B61410097D246 /* GoogleService-Info.plist in Resources */ = {isa = PBXBuildFile; fileRef = E5191CE1273B61410097D246 /* GoogleService-Info.plist */; };
		E5191CE3273B61410097D246 /* GoogleService-Info.plist in Resources */ = {isa = PBXBuildFile; fileRef = E5191CE1273B61410097D246 /* GoogleService-Info.plist */; };
		E5191CE4273B61410097D246 /* GoogleService-Info.plist in Resources */ = {isa = PBXBuildFile; fileRef = E5191CE1273B61410097D246 /* GoogleService-Info.plist */; };
		E5191D33273DA38D0097D246 /* UserPins.swift in Sources */ = {isa = PBXBuildFile; fileRef = E5191D32273DA38D0097D246 /* UserPins.swift */; };
		E5191D34273DA38D0097D246 /* UserPins.swift in Sources */ = {isa = PBXBuildFile; fileRef = E5191D32273DA38D0097D246 /* UserPins.swift */; };
		E5191D35273DA38D0097D246 /* UserPins.swift in Sources */ = {isa = PBXBuildFile; fileRef = E5191D32273DA38D0097D246 /* UserPins.swift */; };
		E5191D3D273DA3930097D246 /* UserTags.swift in Sources */ = {isa = PBXBuildFile; fileRef = E5191D3C273DA3920097D246 /* UserTags.swift */; };
		E5191D3E273DA3930097D246 /* UserTags.swift in Sources */ = {isa = PBXBuildFile; fileRef = E5191D3C273DA3920097D246 /* UserTags.swift */; };
		E5191D3F273DA3930097D246 /* UserTags.swift in Sources */ = {isa = PBXBuildFile; fileRef = E5191D3C273DA3920097D246 /* UserTags.swift */; };
		E5191D46273DA4C10097D246 /* PinView.swift in Sources */ = {isa = PBXBuildFile; fileRef = E5191D45273DA4C10097D246 /* PinView.swift */; };
		E5191D47273DA4C10097D246 /* PinView.swift in Sources */ = {isa = PBXBuildFile; fileRef = E5191D45273DA4C10097D246 /* PinView.swift */; };
		E5191D48273DA4C10097D246 /* PinView.swift in Sources */ = {isa = PBXBuildFile; fileRef = E5191D45273DA4C10097D246 /* PinView.swift */; };
		E5191D50273DA4CD0097D246 /* MapPinsView.swift in Sources */ = {isa = PBXBuildFile; fileRef = E5191D4F273DA4CD0097D246 /* MapPinsView.swift */; };
		E5191D51273DA4CD0097D246 /* MapPinsView.swift in Sources */ = {isa = PBXBuildFile; fileRef = E5191D4F273DA4CD0097D246 /* MapPinsView.swift */; };
		E5191D52273DA4CD0097D246 /* MapPinsView.swift in Sources */ = {isa = PBXBuildFile; fileRef = E5191D4F273DA4CD0097D246 /* MapPinsView.swift */; };
		E5191D57273DA4D30097D246 /* PinCountWidget.swift in Sources */ = {isa = PBXBuildFile; fileRef = E5191D56273DA4D30097D246 /* PinCountWidget.swift */; };
		E5191D58273DA4D30097D246 /* PinCountWidget.swift in Sources */ = {isa = PBXBuildFile; fileRef = E5191D56273DA4D30097D246 /* PinCountWidget.swift */; };
		E5191D59273DA4D30097D246 /* PinCountWidget.swift in Sources */ = {isa = PBXBuildFile; fileRef = E5191D56273DA4D30097D246 /* PinCountWidget.swift */; };
		E5191D65273DA53C0097D246 /* LocationDelegate.swift in Sources */ = {isa = PBXBuildFile; fileRef = E5191D64273DA53C0097D246 /* LocationDelegate.swift */; };
		E5191D66273DA53C0097D246 /* LocationDelegate.swift in Sources */ = {isa = PBXBuildFile; fileRef = E5191D64273DA53C0097D246 /* LocationDelegate.swift */; };
		E5191D67273DA53C0097D246 /* LocationDelegate.swift in Sources */ = {isa = PBXBuildFile; fileRef = E5191D64273DA53C0097D246 /* LocationDelegate.swift */; };
		E5191E0527415BEF0097D246 /* UserViewModel.swift in Sources */ = {isa = PBXBuildFile; fileRef = E5191E0427415BEF0097D246 /* UserViewModel.swift */; };
		E59D323427552F1400B78AB7 /* LogIn.swift in Sources */ = {isa = PBXBuildFile; fileRef = E59D323327552F1400B78AB7 /* LogIn.swift */; };
		E59D323527552F1400B78AB7 /* LogIn.swift in Sources */ = {isa = PBXBuildFile; fileRef = E59D323327552F1400B78AB7 /* LogIn.swift */; };
		E59D323627552F1400B78AB7 /* LogIn.swift in Sources */ = {isa = PBXBuildFile; fileRef = E59D323327552F1400B78AB7 /* LogIn.swift */; };
		E5AA645D271F4EFC00D3C4A8 /* AppDelegate.swift in Sources */ = {isa = PBXBuildFile; fileRef = E5AA645C271F4EFC00D3C4A8 /* AppDelegate.swift */; };
		E5AA645F271F4EFC00D3C4A8 /* SceneDelegate.swift in Sources */ = {isa = PBXBuildFile; fileRef = E5AA645E271F4EFC00D3C4A8 /* SceneDelegate.swift */; };
		E5AA6461271F4EFC00D3C4A8 /* ContentView.swift in Sources */ = {isa = PBXBuildFile; fileRef = E5AA6460271F4EFC00D3C4A8 /* ContentView.swift */; };
		E5AA6464271F4EFC00D3C4A8 /* _43App.xcdatamodeld in Sources */ = {isa = PBXBuildFile; fileRef = E5AA6462271F4EFC00D3C4A8 /* _43App.xcdatamodeld */; };
		E5AA6466271F4F0500D3C4A8 /* Assets.xcassets in Resources */ = {isa = PBXBuildFile; fileRef = E5AA6465271F4F0500D3C4A8 /* Assets.xcassets */; };
		E5AA6469271F4F0500D3C4A8 /* Preview Assets.xcassets in Resources */ = {isa = PBXBuildFile; fileRef = E5AA6468271F4F0500D3C4A8 /* Preview Assets.xcassets */; };
		E5AA646C271F4F0500D3C4A8 /* LaunchScreen.storyboard in Resources */ = {isa = PBXBuildFile; fileRef = E5AA646A271F4F0500D3C4A8 /* LaunchScreen.storyboard */; };
		E5AA6477271F4F0500D3C4A8 /* _43AppTests.swift in Sources */ = {isa = PBXBuildFile; fileRef = E5AA6476271F4F0500D3C4A8 /* _43AppTests.swift */; };
		E5AA6482271F4F0500D3C4A8 /* _43AppUITests.swift in Sources */ = {isa = PBXBuildFile; fileRef = E5AA6481271F4F0500D3C4A8 /* _43AppUITests.swift */; };
		E5AA64B12720E08200D3C4A8 /* Location.swift in Sources */ = {isa = PBXBuildFile; fileRef = E5AA64B02720E08200D3C4A8 /* Location.swift */; };
		E5AA64B62720E0AB00D3C4A8 /* MapView.swift in Sources */ = {isa = PBXBuildFile; fileRef = E5AA64B52720E0AB00D3C4A8 /* MapView.swift */; };
		E5CB3CBA272C563C001936AE /* MemoryPin.swift in Sources */ = {isa = PBXBuildFile; fileRef = E5CB3CB9272C563C001936AE /* MemoryPin.swift */; };
		E5CB3CBF272C568B001936AE /* Tag.swift in Sources */ = {isa = PBXBuildFile; fileRef = E5CB3CBE272C568B001936AE /* Tag.swift */; };
		E5CB3CDA2730D6EF001936AE /* AddPin.swift in Sources */ = {isa = PBXBuildFile; fileRef = E5CB3CD92730D6EF001936AE /* AddPin.swift */; };
		E5FDC64C2732C1BC00460D27 /* PinRow.swift in Sources */ = {isa = PBXBuildFile; fileRef = E5FDC64B2732C1BC00460D27 /* PinRow.swift */; };
		E5FDC6512732C1E800460D27 /* PinDetail.swift in Sources */ = {isa = PBXBuildFile; fileRef = E5FDC6502732C1E800460D27 /* PinDetail.swift */; };
		EA00544C8205F7B174FD93DD /* Pods_443App.framework in Frameworks */ = {isa = PBXBuildFile; fileRef = BB4B8381C5A70A48B45B9772 /* Pods_443App.framework */; };
		EA2F11DC0E3965E3561FDA02 /* Pods_443AppTests.framework in Frameworks */ = {isa = PBXBuildFile; fileRef = B2CB9AE43BE5164F3353939D /* Pods_443AppTests.framework */; };
/* End PBXBuildFile section */

/* Begin PBXContainerItemProxy section */
		E5AA6473271F4F0500D3C4A8 /* PBXContainerItemProxy */ = {
			isa = PBXContainerItemProxy;
			containerPortal = E5AA6451271F4EFC00D3C4A8 /* Project object */;
			proxyType = 1;
			remoteGlobalIDString = E5AA6458271F4EFC00D3C4A8;
			remoteInfo = 443App;
		};
		E5AA647E271F4F0500D3C4A8 /* PBXContainerItemProxy */ = {
			isa = PBXContainerItemProxy;
			containerPortal = E5AA6451271F4EFC00D3C4A8 /* Project object */;
			proxyType = 1;
			remoteGlobalIDString = E5AA6458271F4EFC00D3C4A8;
			remoteInfo = 443App;
		};
/* End PBXContainerItemProxy section */

/* Begin PBXFileReference section */
		0CB64B05FA01B4A96951EA4E /* Pods-443App-443AppUITests.release.xcconfig */ = {isa = PBXFileReference; includeInIndex = 1; lastKnownFileType = text.xcconfig; name = "Pods-443App-443AppUITests.release.xcconfig"; path = "Target Support Files/Pods-443App-443AppUITests/Pods-443App-443AppUITests.release.xcconfig"; sourceTree = "<group>"; };
		1514CA784F2DDBD3DDA2165E /* Pods-443AppTests.debug.xcconfig */ = {isa = PBXFileReference; includeInIndex = 1; lastKnownFileType = text.xcconfig; name = "Pods-443AppTests.debug.xcconfig"; path = "Target Support Files/Pods-443AppTests/Pods-443AppTests.debug.xcconfig"; sourceTree = "<group>"; };
		3CED6E601F69D339630BB7DA /* Pods-443App-443AppUITests.debug.xcconfig */ = {isa = PBXFileReference; includeInIndex = 1; lastKnownFileType = text.xcconfig; name = "Pods-443App-443AppUITests.debug.xcconfig"; path = "Target Support Files/Pods-443App-443AppUITests/Pods-443App-443AppUITests.debug.xcconfig"; sourceTree = "<group>"; };
		4A3EF40A2742210B0034E3DD /* EditPin.swift */ = {isa = PBXFileReference; lastKnownFileType = sourcecode.swift; path = EditPin.swift; sourceTree = "<group>"; };
		4A4512AD272B252E0092899D /* BottomBar.swift */ = {isa = PBXFileReference; lastKnownFileType = sourcecode.swift; path = BottomBar.swift; sourceTree = "<group>"; };
		4A79D7202730D4F900C673CE /* Profile.swift */ = {isa = PBXFileReference; lastKnownFileType = sourcecode.swift; path = Profile.swift; sourceTree = "<group>"; };
		4A9218DF273E1637007BB343 /* Journal.swift */ = {isa = PBXFileReference; lastKnownFileType = sourcecode.swift; path = Journal.swift; sourceTree = "<group>"; };
		4ADCF6D027357CF3001F7F5D /* ProfileTests.swift */ = {isa = PBXFileReference; lastKnownFileType = sourcecode.swift; path = ProfileTests.swift; sourceTree = "<group>"; };
		843EAE000E15DC405B799A3A /* Pods-443App.debug.xcconfig */ = {isa = PBXFileReference; includeInIndex = 1; lastKnownFileType = text.xcconfig; name = "Pods-443App.debug.xcconfig"; path = "Target Support Files/Pods-443App/Pods-443App.debug.xcconfig"; sourceTree = "<group>"; };
		8714FE310AF5834F4E8D329C /* Pods_443App_443AppUITests.framework */ = {isa = PBXFileReference; explicitFileType = wrapper.framework; includeInIndex = 0; path = Pods_443App_443AppUITests.framework; sourceTree = BUILT_PRODUCTS_DIR; };
		A9688071272C767300F0C51A /* User.swift */ = {isa = PBXFileReference; lastKnownFileType = sourcecode.swift; path = User.swift; sourceTree = "<group>"; };
		A994B61E2734CD3B00F293FD /* ViewTests.swift */ = {isa = PBXFileReference; lastKnownFileType = sourcecode.swift; path = ViewTests.swift; sourceTree = "<group>"; };
		A9D41DEC27419FEA001944F4 /* SetPinLocationView.swift */ = {isa = PBXFileReference; lastKnownFileType = sourcecode.swift; path = SetPinLocationView.swift; sourceTree = "<group>"; };
		B2CB9AE43BE5164F3353939D /* Pods_443AppTests.framework */ = {isa = PBXFileReference; explicitFileType = wrapper.framework; includeInIndex = 0; path = Pods_443AppTests.framework; sourceTree = BUILT_PRODUCTS_DIR; };
		B573E886DAA6AAFBD02295C1 /* Pods-443App.release.xcconfig */ = {isa = PBXFileReference; includeInIndex = 1; lastKnownFileType = text.xcconfig; name = "Pods-443App.release.xcconfig"; path = "Target Support Files/Pods-443App/Pods-443App.release.xcconfig"; sourceTree = "<group>"; };
		BB4B8381C5A70A48B45B9772 /* Pods_443App.framework */ = {isa = PBXFileReference; explicitFileType = wrapper.framework; includeInIndex = 0; path = Pods_443App.framework; sourceTree = BUILT_PRODUCTS_DIR; };
		E3355DD6346528E405A955EA /* Pods-443AppTests.release.xcconfig */ = {isa = PBXFileReference; includeInIndex = 1; lastKnownFileType = text.xcconfig; name = "Pods-443AppTests.release.xcconfig"; path = "Target Support Files/Pods-443AppTests/Pods-443AppTests.release.xcconfig"; sourceTree = "<group>"; };
		E5191CE1273B61410097D246 /* GoogleService-Info.plist */ = {isa = PBXFileReference; fileEncoding = 4; lastKnownFileType = text.plist.xml; path = "GoogleService-Info.plist"; sourceTree = "<group>"; };
		E5191D32273DA38D0097D246 /* UserPins.swift */ = {isa = PBXFileReference; fileEncoding = 4; lastKnownFileType = sourcecode.swift; path = UserPins.swift; sourceTree = "<group>"; };
		E5191D3C273DA3920097D246 /* UserTags.swift */ = {isa = PBXFileReference; fileEncoding = 4; lastKnownFileType = sourcecode.swift; path = UserTags.swift; sourceTree = "<group>"; };
		E5191D45273DA4C10097D246 /* PinView.swift */ = {isa = PBXFileReference; fileEncoding = 4; lastKnownFileType = sourcecode.swift; path = PinView.swift; sourceTree = "<group>"; };
		E5191D4F273DA4CD0097D246 /* MapPinsView.swift */ = {isa = PBXFileReference; fileEncoding = 4; lastKnownFileType = sourcecode.swift; path = MapPinsView.swift; sourceTree = "<group>"; };
		E5191D56273DA4D30097D246 /* PinCountWidget.swift */ = {isa = PBXFileReference; fileEncoding = 4; lastKnownFileType = sourcecode.swift; path = PinCountWidget.swift; sourceTree = "<group>"; };
		E5191D64273DA53C0097D246 /* LocationDelegate.swift */ = {isa = PBXFileReference; fileEncoding = 4; lastKnownFileType = sourcecode.swift; path = LocationDelegate.swift; sourceTree = "<group>"; };
		E5191E0427415BEF0097D246 /* UserViewModel.swift */ = {isa = PBXFileReference; lastKnownFileType = sourcecode.swift; path = UserViewModel.swift; sourceTree = "<group>"; };
		E59D323327552F1400B78AB7 /* LogIn.swift */ = {isa = PBXFileReference; lastKnownFileType = sourcecode.swift; path = LogIn.swift; sourceTree = "<group>"; };
		E5AA6459271F4EFC00D3C4A8 /* 443App.app */ = {isa = PBXFileReference; explicitFileType = wrapper.application; includeInIndex = 0; path = 443App.app; sourceTree = BUILT_PRODUCTS_DIR; };
		E5AA645C271F4EFC00D3C4A8 /* AppDelegate.swift */ = {isa = PBXFileReference; lastKnownFileType = sourcecode.swift; path = AppDelegate.swift; sourceTree = "<group>"; };
		E5AA645E271F4EFC00D3C4A8 /* SceneDelegate.swift */ = {isa = PBXFileReference; lastKnownFileType = sourcecode.swift; path = SceneDelegate.swift; sourceTree = "<group>"; };
		E5AA6460271F4EFC00D3C4A8 /* ContentView.swift */ = {isa = PBXFileReference; lastKnownFileType = sourcecode.swift; path = ContentView.swift; sourceTree = "<group>"; };
		E5AA6463271F4EFC00D3C4A8 /* _43App.xcdatamodel */ = {isa = PBXFileReference; lastKnownFileType = wrapper.xcdatamodel; path = _43App.xcdatamodel; sourceTree = "<group>"; };
		E5AA6465271F4F0500D3C4A8 /* Assets.xcassets */ = {isa = PBXFileReference; lastKnownFileType = folder.assetcatalog; path = Assets.xcassets; sourceTree = "<group>"; };
		E5AA6468271F4F0500D3C4A8 /* Preview Assets.xcassets */ = {isa = PBXFileReference; lastKnownFileType = folder.assetcatalog; path = "Preview Assets.xcassets"; sourceTree = "<group>"; };
		E5AA646B271F4F0500D3C4A8 /* Base */ = {isa = PBXFileReference; lastKnownFileType = file.storyboard; name = Base; path = Base.lproj/LaunchScreen.storyboard; sourceTree = "<group>"; };
		E5AA646D271F4F0500D3C4A8 /* Info.plist */ = {isa = PBXFileReference; lastKnownFileType = text.plist.xml; path = Info.plist; sourceTree = "<group>"; };
		E5AA6472271F4F0500D3C4A8 /* 443AppTests.xctest */ = {isa = PBXFileReference; explicitFileType = wrapper.cfbundle; includeInIndex = 0; path = 443AppTests.xctest; sourceTree = BUILT_PRODUCTS_DIR; };
		E5AA6476271F4F0500D3C4A8 /* _43AppTests.swift */ = {isa = PBXFileReference; lastKnownFileType = sourcecode.swift; path = _43AppTests.swift; sourceTree = "<group>"; };
		E5AA6478271F4F0500D3C4A8 /* Info.plist */ = {isa = PBXFileReference; lastKnownFileType = text.plist.xml; path = Info.plist; sourceTree = "<group>"; };
		E5AA647D271F4F0500D3C4A8 /* 443AppUITests.xctest */ = {isa = PBXFileReference; explicitFileType = wrapper.cfbundle; includeInIndex = 0; path = 443AppUITests.xctest; sourceTree = BUILT_PRODUCTS_DIR; };
		E5AA6481271F4F0500D3C4A8 /* _43AppUITests.swift */ = {isa = PBXFileReference; lastKnownFileType = sourcecode.swift; path = _43AppUITests.swift; sourceTree = "<group>"; };
		E5AA6483271F4F0500D3C4A8 /* Info.plist */ = {isa = PBXFileReference; lastKnownFileType = text.plist.xml; path = Info.plist; sourceTree = "<group>"; };
		E5AA649F27204F2600D3C4A8 /* Struct.playground */ = {isa = PBXFileReference; lastKnownFileType = file.playground; path = Struct.playground; sourceTree = "<group>"; xcLanguageSpecificationIdentifier = xcode.lang.swift; };
		E5AA64B02720E08200D3C4A8 /* Location.swift */ = {isa = PBXFileReference; lastKnownFileType = sourcecode.swift; path = Location.swift; sourceTree = "<group>"; };
		E5AA64B52720E0AB00D3C4A8 /* MapView.swift */ = {isa = PBXFileReference; lastKnownFileType = sourcecode.swift; path = MapView.swift; sourceTree = "<group>"; };
		E5CB3CB9272C563C001936AE /* MemoryPin.swift */ = {isa = PBXFileReference; lastKnownFileType = sourcecode.swift; path = MemoryPin.swift; sourceTree = "<group>"; };
		E5CB3CBE272C568B001936AE /* Tag.swift */ = {isa = PBXFileReference; lastKnownFileType = sourcecode.swift; path = Tag.swift; sourceTree = "<group>"; };
		E5CB3CD92730D6EF001936AE /* AddPin.swift */ = {isa = PBXFileReference; lastKnownFileType = sourcecode.swift; path = AddPin.swift; sourceTree = "<group>"; };
		E5FDC64B2732C1BC00460D27 /* PinRow.swift */ = {isa = PBXFileReference; lastKnownFileType = sourcecode.swift; path = PinRow.swift; sourceTree = "<group>"; };
		E5FDC6502732C1E800460D27 /* PinDetail.swift */ = {isa = PBXFileReference; lastKnownFileType = sourcecode.swift; path = PinDetail.swift; sourceTree = "<group>"; };
/* End PBXFileReference section */

/* Begin PBXFrameworksBuildPhase section */
		E5AA6456271F4EFC00D3C4A8 /* Frameworks */ = {
			isa = PBXFrameworksBuildPhase;
			buildActionMask = 2147483647;
			files = (
				EA00544C8205F7B174FD93DD /* Pods_443App.framework in Frameworks */,
			);
			runOnlyForDeploymentPostprocessing = 0;
		};
		E5AA646F271F4F0500D3C4A8 /* Frameworks */ = {
			isa = PBXFrameworksBuildPhase;
			buildActionMask = 2147483647;
			files = (
				EA2F11DC0E3965E3561FDA02 /* Pods_443AppTests.framework in Frameworks */,
			);
			runOnlyForDeploymentPostprocessing = 0;
		};
		E5AA647A271F4F0500D3C4A8 /* Frameworks */ = {
			isa = PBXFrameworksBuildPhase;
			buildActionMask = 2147483647;
			files = (
				80290E763D3C4B170D8A3648 /* Pods_443App_443AppUITests.framework in Frameworks */,
			);
			runOnlyForDeploymentPostprocessing = 0;
		};
/* End PBXFrameworksBuildPhase section */

/* Begin PBXGroup section */
		8109BA781429EF7FEE4463E4 /* Pods */ = {
			isa = PBXGroup;
			children = (
				843EAE000E15DC405B799A3A /* Pods-443App.debug.xcconfig */,
				B573E886DAA6AAFBD02295C1 /* Pods-443App.release.xcconfig */,
				3CED6E601F69D339630BB7DA /* Pods-443App-443AppUITests.debug.xcconfig */,
				0CB64B05FA01B4A96951EA4E /* Pods-443App-443AppUITests.release.xcconfig */,
				1514CA784F2DDBD3DDA2165E /* Pods-443AppTests.debug.xcconfig */,
				E3355DD6346528E405A955EA /* Pods-443AppTests.release.xcconfig */,
			);
			path = Pods;
			sourceTree = "<group>";
		};
		D7DAD44FD348D29ADC8C6522 /* Frameworks */ = {
			isa = PBXGroup;
			children = (
				BB4B8381C5A70A48B45B9772 /* Pods_443App.framework */,
				8714FE310AF5834F4E8D329C /* Pods_443App_443AppUITests.framework */,
				B2CB9AE43BE5164F3353939D /* Pods_443AppTests.framework */,
			);
			name = Frameworks;
			sourceTree = "<group>";
		};
		E5191D21273DA2EE0097D246 /* ViewModels */ = {
			isa = PBXGroup;
			children = (
				E5191D3C273DA3920097D246 /* UserTags.swift */,
				E5191D32273DA38D0097D246 /* UserPins.swift */,
				E5191E0427415BEF0097D246 /* UserViewModel.swift */,
			);
			path = ViewModels;
			sourceTree = "<group>";
		};
		E5191D44273DA3B90097D246 /* Views */ = {
			isa = PBXGroup;
			children = (
				E5CB3CD92730D6EF001936AE /* AddPin.swift */,
				4A4512AD272B252E0092899D /* BottomBar.swift */,
				E5AA6460271F4EFC00D3C4A8 /* ContentView.swift */,
				E5AA64B52720E0AB00D3C4A8 /* MapView.swift */,
				E5FDC6502732C1E800460D27 /* PinDetail.swift */,
				E5FDC64B2732C1BC00460D27 /* PinRow.swift */,
				4A79D7202730D4F900C673CE /* Profile.swift */,
				E5191D45273DA4C10097D246 /* PinView.swift */,
				E5191D4F273DA4CD0097D246 /* MapPinsView.swift */,
				E5191D56273DA4D30097D246 /* PinCountWidget.swift */,
				4A9218DF273E1637007BB343 /* Journal.swift */,
				A9D41DEC27419FEA001944F4 /* SetPinLocationView.swift */,
				4A3EF40A2742210B0034E3DD /* EditPin.swift */,
				E59D323327552F1400B78AB7 /* LogIn.swift */,
			);
			path = Views;
			sourceTree = "<group>";
		};
		E5191D63273DA4F50097D246 /* Models */ = {
			isa = PBXGroup;
			children = (
				E5AA64B02720E08200D3C4A8 /* Location.swift */,
				E5CB3CB9272C563C001936AE /* MemoryPin.swift */,
				A9688071272C767300F0C51A /* User.swift */,
				E5CB3CBE272C568B001936AE /* Tag.swift */,
				E5191D64273DA53C0097D246 /* LocationDelegate.swift */,
			);
			path = Models;
			sourceTree = "<group>";
		};
		E5AA6450271F4EFC00D3C4A8 = {
			isa = PBXGroup;
			children = (
				E5AA649F27204F2600D3C4A8 /* Struct.playground */,
				E5AA645B271F4EFC00D3C4A8 /* 443App */,
				E5AA6475271F4F0500D3C4A8 /* 443AppTests */,
				E5AA6480271F4F0500D3C4A8 /* 443AppUITests */,
				E5AA645A271F4EFC00D3C4A8 /* Products */,
				8109BA781429EF7FEE4463E4 /* Pods */,
				D7DAD44FD348D29ADC8C6522 /* Frameworks */,
			);
			sourceTree = "<group>";
		};
		E5AA645A271F4EFC00D3C4A8 /* Products */ = {
			isa = PBXGroup;
			children = (
				E5AA6459271F4EFC00D3C4A8 /* 443App.app */,
				E5AA6472271F4F0500D3C4A8 /* 443AppTests.xctest */,
				E5AA647D271F4F0500D3C4A8 /* 443AppUITests.xctest */,
			);
			name = Products;
			sourceTree = "<group>";
		};
		E5AA645B271F4EFC00D3C4A8 /* 443App */ = {
			isa = PBXGroup;
			children = (
				E5191D63273DA4F50097D246 /* Models */,
				E5191D44273DA3B90097D246 /* Views */,
				E5191D21273DA2EE0097D246 /* ViewModels */,
				E5191CE1273B61410097D246 /* GoogleService-Info.plist */,
				E5AA645C271F4EFC00D3C4A8 /* AppDelegate.swift */,
				E5AA645E271F4EFC00D3C4A8 /* SceneDelegate.swift */,
				E5AA6465271F4F0500D3C4A8 /* Assets.xcassets */,
				E5AA646A271F4F0500D3C4A8 /* LaunchScreen.storyboard */,
				E5AA646D271F4F0500D3C4A8 /* Info.plist */,
				E5AA6462271F4EFC00D3C4A8 /* _43App.xcdatamodeld */,
				E5AA6467271F4F0500D3C4A8 /* Preview Content */,
			);
			path = 443App;
			sourceTree = "<group>";
		};
		E5AA6467271F4F0500D3C4A8 /* Preview Content */ = {
			isa = PBXGroup;
			children = (
				E5AA6468271F4F0500D3C4A8 /* Preview Assets.xcassets */,
			);
			path = "Preview Content";
			sourceTree = "<group>";
		};
		E5AA6475271F4F0500D3C4A8 /* 443AppTests */ = {
			isa = PBXGroup;
			children = (
				E5AA6476271F4F0500D3C4A8 /* _43AppTests.swift */,
				E5AA6478271F4F0500D3C4A8 /* Info.plist */,
				A994B61E2734CD3B00F293FD /* ViewTests.swift */,
				4ADCF6D027357CF3001F7F5D /* ProfileTests.swift */,
			);
			path = 443AppTests;
			sourceTree = "<group>";
		};
		E5AA6480271F4F0500D3C4A8 /* 443AppUITests */ = {
			isa = PBXGroup;
			children = (
				E5AA6481271F4F0500D3C4A8 /* _43AppUITests.swift */,
				E5AA6483271F4F0500D3C4A8 /* Info.plist */,
			);
			path = 443AppUITests;
			sourceTree = "<group>";
		};
/* End PBXGroup section */

/* Begin PBXNativeTarget section */
		E5AA6458271F4EFC00D3C4A8 /* 443App */ = {
			isa = PBXNativeTarget;
			buildConfigurationList = E5AA6486271F4F0500D3C4A8 /* Build configuration list for PBXNativeTarget "443App" */;
			buildPhases = (
				4DFFFB23AC0B35B9B4621784 /* [CP] Check Pods Manifest.lock */,
				E5AA6455271F4EFC00D3C4A8 /* Sources */,
				E5AA6456271F4EFC00D3C4A8 /* Frameworks */,
				E5AA6457271F4EFC00D3C4A8 /* Resources */,
				8FDDF89638F9745C85FEC892 /* [CP] Embed Pods Frameworks */,
			);
			buildRules = (
			);
			dependencies = (
			);
			name = 443App;
			productName = 443App;
			productReference = E5AA6459271F4EFC00D3C4A8 /* 443App.app */;
			productType = "com.apple.product-type.application";
		};
		E5AA6471271F4F0500D3C4A8 /* 443AppTests */ = {
			isa = PBXNativeTarget;
			buildConfigurationList = E5AA6489271F4F0500D3C4A8 /* Build configuration list for PBXNativeTarget "443AppTests" */;
			buildPhases = (
				842749837AA8190EA7150372 /* [CP] Check Pods Manifest.lock */,
				E5AA646E271F4F0500D3C4A8 /* Sources */,
				E5AA646F271F4F0500D3C4A8 /* Frameworks */,
				E5AA6470271F4F0500D3C4A8 /* Resources */,
			);
			buildRules = (
			);
			dependencies = (
				E5AA6474271F4F0500D3C4A8 /* PBXTargetDependency */,
			);
			name = 443AppTests;
			productName = 443AppTests;
			productReference = E5AA6472271F4F0500D3C4A8 /* 443AppTests.xctest */;
			productType = "com.apple.product-type.bundle.unit-test";
		};
		E5AA647C271F4F0500D3C4A8 /* 443AppUITests */ = {
			isa = PBXNativeTarget;
			buildConfigurationList = E5AA648C271F4F0500D3C4A8 /* Build configuration list for PBXNativeTarget "443AppUITests" */;
			buildPhases = (
				D4D4E575822BFD00C610073F /* [CP] Check Pods Manifest.lock */,
				E5AA6479271F4F0500D3C4A8 /* Sources */,
				E5AA647A271F4F0500D3C4A8 /* Frameworks */,
				E5AA647B271F4F0500D3C4A8 /* Resources */,
				D34FA864B0ACAF2C30ED0205 /* [CP] Embed Pods Frameworks */,
			);
			buildRules = (
			);
			dependencies = (
				E5AA647F271F4F0500D3C4A8 /* PBXTargetDependency */,
			);
			name = 443AppUITests;
			productName = 443AppUITests;
			productReference = E5AA647D271F4F0500D3C4A8 /* 443AppUITests.xctest */;
			productType = "com.apple.product-type.bundle.ui-testing";
		};
/* End PBXNativeTarget section */

/* Begin PBXProject section */
		E5AA6451271F4EFC00D3C4A8 /* Project object */ = {
			isa = PBXProject;
			attributes = {
				LastSwiftUpdateCheck = 1240;
				LastUpgradeCheck = 1240;
				TargetAttributes = {
					E5AA6458271F4EFC00D3C4A8 = {
						CreatedOnToolsVersion = 12.4;
					};
					E5AA6471271F4F0500D3C4A8 = {
						CreatedOnToolsVersion = 12.4;
						TestTargetID = E5AA6458271F4EFC00D3C4A8;
					};
					E5AA647C271F4F0500D3C4A8 = {
						CreatedOnToolsVersion = 12.4;
						TestTargetID = E5AA6458271F4EFC00D3C4A8;
					};
				};
			};
			buildConfigurationList = E5AA6454271F4EFC00D3C4A8 /* Build configuration list for PBXProject "443App" */;
			compatibilityVersion = "Xcode 9.3";
			developmentRegion = en;
			hasScannedForEncodings = 0;
			knownRegions = (
				en,
				Base,
			);
			mainGroup = E5AA6450271F4EFC00D3C4A8;
			productRefGroup = E5AA645A271F4EFC00D3C4A8 /* Products */;
			projectDirPath = "";
			projectRoot = "";
			targets = (
				E5AA6458271F4EFC00D3C4A8 /* 443App */,
				E5AA6471271F4F0500D3C4A8 /* 443AppTests */,
				E5AA647C271F4F0500D3C4A8 /* 443AppUITests */,
			);
		};
/* End PBXProject section */

/* Begin PBXResourcesBuildPhase section */
		E5AA6457271F4EFC00D3C4A8 /* Resources */ = {
			isa = PBXResourcesBuildPhase;
			buildActionMask = 2147483647;
			files = (
				E5AA646C271F4F0500D3C4A8 /* LaunchScreen.storyboard in Resources */,
				E5191CE2273B61410097D246 /* GoogleService-Info.plist in Resources */,
				E5AA6469271F4F0500D3C4A8 /* Preview Assets.xcassets in Resources */,
				E5AA6466271F4F0500D3C4A8 /* Assets.xcassets in Resources */,
			);
			runOnlyForDeploymentPostprocessing = 0;
		};
		E5AA6470271F4F0500D3C4A8 /* Resources */ = {
			isa = PBXResourcesBuildPhase;
			buildActionMask = 2147483647;
			files = (
				E5191CE3273B61410097D246 /* GoogleService-Info.plist in Resources */,
			);
			runOnlyForDeploymentPostprocessing = 0;
		};
		E5AA647B271F4F0500D3C4A8 /* Resources */ = {
			isa = PBXResourcesBuildPhase;
			buildActionMask = 2147483647;
			files = (
				E5191CE4273B61410097D246 /* GoogleService-Info.plist in Resources */,
			);
			runOnlyForDeploymentPostprocessing = 0;
		};
/* End PBXResourcesBuildPhase section */

/* Begin PBXShellScriptBuildPhase section */
		4DFFFB23AC0B35B9B4621784 /* [CP] Check Pods Manifest.lock */ = {
			isa = PBXShellScriptBuildPhase;
			buildActionMask = 2147483647;
			files = (
			);
			inputFileListPaths = (
			);
			inputPaths = (
				"${PODS_PODFILE_DIR_PATH}/Podfile.lock",
				"${PODS_ROOT}/Manifest.lock",
			);
			name = "[CP] Check Pods Manifest.lock";
			outputFileListPaths = (
			);
			outputPaths = (
				"$(DERIVED_FILE_DIR)/Pods-443App-checkManifestLockResult.txt",
			);
			runOnlyForDeploymentPostprocessing = 0;
			shellPath = /bin/sh;
			shellScript = "diff \"${PODS_PODFILE_DIR_PATH}/Podfile.lock\" \"${PODS_ROOT}/Manifest.lock\" > /dev/null\nif [ $? != 0 ] ; then\n    # print error to STDERR\n    echo \"error: The sandbox is not in sync with the Podfile.lock. Run 'pod install' or update your CocoaPods installation.\" >&2\n    exit 1\nfi\n# This output is used by Xcode 'outputs' to avoid re-running this script phase.\necho \"SUCCESS\" > \"${SCRIPT_OUTPUT_FILE_0}\"\n";
			showEnvVarsInLog = 0;
		};
		842749837AA8190EA7150372 /* [CP] Check Pods Manifest.lock */ = {
			isa = PBXShellScriptBuildPhase;
			buildActionMask = 2147483647;
			files = (
			);
			inputFileListPaths = (
			);
			inputPaths = (
				"${PODS_PODFILE_DIR_PATH}/Podfile.lock",
				"${PODS_ROOT}/Manifest.lock",
			);
			name = "[CP] Check Pods Manifest.lock";
			outputFileListPaths = (
			);
			outputPaths = (
				"$(DERIVED_FILE_DIR)/Pods-443AppTests-checkManifestLockResult.txt",
			);
			runOnlyForDeploymentPostprocessing = 0;
			shellPath = /bin/sh;
			shellScript = "diff \"${PODS_PODFILE_DIR_PATH}/Podfile.lock\" \"${PODS_ROOT}/Manifest.lock\" > /dev/null\nif [ $? != 0 ] ; then\n    # print error to STDERR\n    echo \"error: The sandbox is not in sync with the Podfile.lock. Run 'pod install' or update your CocoaPods installation.\" >&2\n    exit 1\nfi\n# This output is used by Xcode 'outputs' to avoid re-running this script phase.\necho \"SUCCESS\" > \"${SCRIPT_OUTPUT_FILE_0}\"\n";
			showEnvVarsInLog = 0;
		};
		8FDDF89638F9745C85FEC892 /* [CP] Embed Pods Frameworks */ = {
			isa = PBXShellScriptBuildPhase;
			buildActionMask = 2147483647;
			files = (
			);
			inputFileListPaths = (
				"${PODS_ROOT}/Target Support Files/Pods-443App/Pods-443App-frameworks-${CONFIGURATION}-input-files.xcfilelist",
			);
			name = "[CP] Embed Pods Frameworks";
			outputFileListPaths = (
				"${PODS_ROOT}/Target Support Files/Pods-443App/Pods-443App-frameworks-${CONFIGURATION}-output-files.xcfilelist",
			);
			runOnlyForDeploymentPostprocessing = 0;
			shellPath = /bin/sh;
			shellScript = "\"${PODS_ROOT}/Target Support Files/Pods-443App/Pods-443App-frameworks.sh\"\n";
			showEnvVarsInLog = 0;
		};
		D34FA864B0ACAF2C30ED0205 /* [CP] Embed Pods Frameworks */ = {
			isa = PBXShellScriptBuildPhase;
			buildActionMask = 2147483647;
			files = (
			);
			inputFileListPaths = (
				"${PODS_ROOT}/Target Support Files/Pods-443App-443AppUITests/Pods-443App-443AppUITests-frameworks-${CONFIGURATION}-input-files.xcfilelist",
			);
			name = "[CP] Embed Pods Frameworks";
			outputFileListPaths = (
				"${PODS_ROOT}/Target Support Files/Pods-443App-443AppUITests/Pods-443App-443AppUITests-frameworks-${CONFIGURATION}-output-files.xcfilelist",
			);
			runOnlyForDeploymentPostprocessing = 0;
			shellPath = /bin/sh;
			shellScript = "\"${PODS_ROOT}/Target Support Files/Pods-443App-443AppUITests/Pods-443App-443AppUITests-frameworks.sh\"\n";
			showEnvVarsInLog = 0;
		};
		D4D4E575822BFD00C610073F /* [CP] Check Pods Manifest.lock */ = {
			isa = PBXShellScriptBuildPhase;
			buildActionMask = 2147483647;
			files = (
			);
			inputFileListPaths = (
			);
			inputPaths = (
				"${PODS_PODFILE_DIR_PATH}/Podfile.lock",
				"${PODS_ROOT}/Manifest.lock",
			);
			name = "[CP] Check Pods Manifest.lock";
			outputFileListPaths = (
			);
			outputPaths = (
				"$(DERIVED_FILE_DIR)/Pods-443App-443AppUITests-checkManifestLockResult.txt",
			);
			runOnlyForDeploymentPostprocessing = 0;
			shellPath = /bin/sh;
			shellScript = "diff \"${PODS_PODFILE_DIR_PATH}/Podfile.lock\" \"${PODS_ROOT}/Manifest.lock\" > /dev/null\nif [ $? != 0 ] ; then\n    # print error to STDERR\n    echo \"error: The sandbox is not in sync with the Podfile.lock. Run 'pod install' or update your CocoaPods installation.\" >&2\n    exit 1\nfi\n# This output is used by Xcode 'outputs' to avoid re-running this script phase.\necho \"SUCCESS\" > \"${SCRIPT_OUTPUT_FILE_0}\"\n";
			showEnvVarsInLog = 0;
		};
/* End PBXShellScriptBuildPhase section */

/* Begin PBXSourcesBuildPhase section */
		E5AA6455271F4EFC00D3C4A8 /* Sources */ = {
			isa = PBXSourcesBuildPhase;
			buildActionMask = 2147483647;
			files = (
				E5CB3CBA272C563C001936AE /* MemoryPin.swift in Sources */,
				E5AA645D271F4EFC00D3C4A8 /* AppDelegate.swift in Sources */,
				E5191D50273DA4CD0097D246 /* MapPinsView.swift in Sources */,
				4A79D7212730D4F900C673CE /* Profile.swift in Sources */,
				E5FDC6512732C1E800460D27 /* PinDetail.swift in Sources */,
				4A3EF40B2742210B0034E3DD /* EditPin.swift in Sources */,
				4A9218E0273E1637007BB343 /* Journal.swift in Sources */,
				E5191D57273DA4D30097D246 /* PinCountWidget.swift in Sources */,
				4A4512AE272B252E0092899D /* BottomBar.swift in Sources */,
				E5191D65273DA53C0097D246 /* LocationDelegate.swift in Sources */,
				E5AA64B62720E0AB00D3C4A8 /* MapView.swift in Sources */,
				E5191D46273DA4C10097D246 /* PinView.swift in Sources */,
				E5AA645F271F4EFC00D3C4A8 /* SceneDelegate.swift in Sources */,
				E5CB3CBF272C568B001936AE /* Tag.swift in Sources */,
				E5AA64B12720E08200D3C4A8 /* Location.swift in Sources */,
				E59D323427552F1400B78AB7 /* LogIn.swift in Sources */,
				E5FDC64C2732C1BC00460D27 /* PinRow.swift in Sources */,
				E5CB3CDA2730D6EF001936AE /* AddPin.swift in Sources */,
				A9688072272C767300F0C51A /* User.swift in Sources */,
				E5191D3D273DA3930097D246 /* UserTags.swift in Sources */,
				E5AA6464271F4EFC00D3C4A8 /* _43App.xcdatamodeld in Sources */,
				A9D41DED27419FEA001944F4 /* SetPinLocationView.swift in Sources */,
				E5191D33273DA38D0097D246 /* UserPins.swift in Sources */,
				E5AA6461271F4EFC00D3C4A8 /* ContentView.swift in Sources */,
				E5191E0527415BEF0097D246 /* UserViewModel.swift in Sources */,
			);
			runOnlyForDeploymentPostprocessing = 0;
		};
		E5AA646E271F4F0500D3C4A8 /* Sources */ = {
			isa = PBXSourcesBuildPhase;
			buildActionMask = 2147483647;
			files = (
				4ADCF6D127357CF3001F7F5D /* ProfileTests.swift in Sources */,
				A994B61F2734CD3B00F293FD /* ViewTests.swift in Sources */,
				E5191D47273DA4C10097D246 /* PinView.swift in Sources */,
				E5191D58273DA4D30097D246 /* PinCountWidget.swift in Sources */,
				E5191D66273DA53C0097D246 /* LocationDelegate.swift in Sources */,
				E59D323527552F1400B78AB7 /* LogIn.swift in Sources */,
				E5191D51273DA4CD0097D246 /* MapPinsView.swift in Sources */,
				E5191D34273DA38D0097D246 /* UserPins.swift in Sources */,
				E5191D3E273DA3930097D246 /* UserTags.swift in Sources */,
				E5AA6477271F4F0500D3C4A8 /* _43AppTests.swift in Sources */,
			);
			runOnlyForDeploymentPostprocessing = 0;
		};
		E5AA6479271F4F0500D3C4A8 /* Sources */ = {
			isa = PBXSourcesBuildPhase;
			buildActionMask = 2147483647;
			files = (
				E5191D67273DA53C0097D246 /* LocationDelegate.swift in Sources */,
				E5191D35273DA38D0097D246 /* UserPins.swift in Sources */,
				E5191D3F273DA3930097D246 /* UserTags.swift in Sources */,
				E5191D48273DA4C10097D246 /* PinView.swift in Sources */,
				E5191D59273DA4D30097D246 /* PinCountWidget.swift in Sources */,
				E5191D52273DA4CD0097D246 /* MapPinsView.swift in Sources */,
				E5AA6482271F4F0500D3C4A8 /* _43AppUITests.swift in Sources */,
				E59D323627552F1400B78AB7 /* LogIn.swift in Sources */,
			);
			runOnlyForDeploymentPostprocessing = 0;
		};
/* End PBXSourcesBuildPhase section */

/* Begin PBXTargetDependency section */
		E5AA6474271F4F0500D3C4A8 /* PBXTargetDependency */ = {
			isa = PBXTargetDependency;
			target = E5AA6458271F4EFC00D3C4A8 /* 443App */;
			targetProxy = E5AA6473271F4F0500D3C4A8 /* PBXContainerItemProxy */;
		};
		E5AA647F271F4F0500D3C4A8 /* PBXTargetDependency */ = {
			isa = PBXTargetDependency;
			target = E5AA6458271F4EFC00D3C4A8 /* 443App */;
			targetProxy = E5AA647E271F4F0500D3C4A8 /* PBXContainerItemProxy */;
		};
/* End PBXTargetDependency section */

/* Begin PBXVariantGroup section */
		E5AA646A271F4F0500D3C4A8 /* LaunchScreen.storyboard */ = {
			isa = PBXVariantGroup;
			children = (
				E5AA646B271F4F0500D3C4A8 /* Base */,
			);
			name = LaunchScreen.storyboard;
			sourceTree = "<group>";
		};
/* End PBXVariantGroup section */

/* Begin XCBuildConfiguration section */
		E5AA6484271F4F0500D3C4A8 /* Debug */ = {
			isa = XCBuildConfiguration;
			buildSettings = {
				ALWAYS_SEARCH_USER_PATHS = NO;
				CLANG_ANALYZER_NONNULL = YES;
				CLANG_ANALYZER_NUMBER_OBJECT_CONVERSION = YES_AGGRESSIVE;
				CLANG_CXX_LANGUAGE_STANDARD = "gnu++14";
				CLANG_CXX_LIBRARY = "libc++";
				CLANG_ENABLE_MODULES = YES;
				CLANG_ENABLE_OBJC_ARC = YES;
				CLANG_ENABLE_OBJC_WEAK = YES;
				CLANG_WARN_BLOCK_CAPTURE_AUTORELEASING = YES;
				CLANG_WARN_BOOL_CONVERSION = YES;
				CLANG_WARN_COMMA = YES;
				CLANG_WARN_CONSTANT_CONVERSION = YES;
				CLANG_WARN_DEPRECATED_OBJC_IMPLEMENTATIONS = YES;
				CLANG_WARN_DIRECT_OBJC_ISA_USAGE = YES_ERROR;
				CLANG_WARN_DOCUMENTATION_COMMENTS = YES;
				CLANG_WARN_EMPTY_BODY = YES;
				CLANG_WARN_ENUM_CONVERSION = YES;
				CLANG_WARN_INFINITE_RECURSION = YES;
				CLANG_WARN_INT_CONVERSION = YES;
				CLANG_WARN_NON_LITERAL_NULL_CONVERSION = YES;
				CLANG_WARN_OBJC_IMPLICIT_RETAIN_SELF = YES;
				CLANG_WARN_OBJC_LITERAL_CONVERSION = YES;
				CLANG_WARN_OBJC_ROOT_CLASS = YES_ERROR;
				CLANG_WARN_QUOTED_INCLUDE_IN_FRAMEWORK_HEADER = YES;
				CLANG_WARN_RANGE_LOOP_ANALYSIS = YES;
				CLANG_WARN_STRICT_PROTOTYPES = YES;
				CLANG_WARN_SUSPICIOUS_MOVE = YES;
				CLANG_WARN_UNGUARDED_AVAILABILITY = YES_AGGRESSIVE;
				CLANG_WARN_UNREACHABLE_CODE = YES;
				CLANG_WARN__DUPLICATE_METHOD_MATCH = YES;
				COPY_PHASE_STRIP = NO;
				DEBUG_INFORMATION_FORMAT = dwarf;
				ENABLE_STRICT_OBJC_MSGSEND = YES;
				ENABLE_TESTABILITY = YES;
				GCC_C_LANGUAGE_STANDARD = gnu11;
				GCC_DYNAMIC_NO_PIC = NO;
				GCC_NO_COMMON_BLOCKS = YES;
				GCC_OPTIMIZATION_LEVEL = 0;
				GCC_PREPROCESSOR_DEFINITIONS = (
					"DEBUG=1",
					"$(inherited)",
				);
				GCC_WARN_64_TO_32_BIT_CONVERSION = YES;
				GCC_WARN_ABOUT_RETURN_TYPE = YES_ERROR;
				GCC_WARN_UNDECLARED_SELECTOR = YES;
				GCC_WARN_UNINITIALIZED_AUTOS = YES_AGGRESSIVE;
				GCC_WARN_UNUSED_FUNCTION = YES;
				GCC_WARN_UNUSED_VARIABLE = YES;
				IPHONEOS_DEPLOYMENT_TARGET = 14.4;
				MTL_ENABLE_DEBUG_INFO = INCLUDE_SOURCE;
				MTL_FAST_MATH = YES;
				ONLY_ACTIVE_ARCH = YES;
				SDKROOT = iphoneos;
				SWIFT_ACTIVE_COMPILATION_CONDITIONS = DEBUG;
				SWIFT_OPTIMIZATION_LEVEL = "-Onone";
			};
			name = Debug;
		};
		E5AA6485271F4F0500D3C4A8 /* Release */ = {
			isa = XCBuildConfiguration;
			buildSettings = {
				ALWAYS_SEARCH_USER_PATHS = NO;
				CLANG_ANALYZER_NONNULL = YES;
				CLANG_ANALYZER_NUMBER_OBJECT_CONVERSION = YES_AGGRESSIVE;
				CLANG_CXX_LANGUAGE_STANDARD = "gnu++14";
				CLANG_CXX_LIBRARY = "libc++";
				CLANG_ENABLE_MODULES = YES;
				CLANG_ENABLE_OBJC_ARC = YES;
				CLANG_ENABLE_OBJC_WEAK = YES;
				CLANG_WARN_BLOCK_CAPTURE_AUTORELEASING = YES;
				CLANG_WARN_BOOL_CONVERSION = YES;
				CLANG_WARN_COMMA = YES;
				CLANG_WARN_CONSTANT_CONVERSION = YES;
				CLANG_WARN_DEPRECATED_OBJC_IMPLEMENTATIONS = YES;
				CLANG_WARN_DIRECT_OBJC_ISA_USAGE = YES_ERROR;
				CLANG_WARN_DOCUMENTATION_COMMENTS = YES;
				CLANG_WARN_EMPTY_BODY = YES;
				CLANG_WARN_ENUM_CONVERSION = YES;
				CLANG_WARN_INFINITE_RECURSION = YES;
				CLANG_WARN_INT_CONVERSION = YES;
				CLANG_WARN_NON_LITERAL_NULL_CONVERSION = YES;
				CLANG_WARN_OBJC_IMPLICIT_RETAIN_SELF = YES;
				CLANG_WARN_OBJC_LITERAL_CONVERSION = YES;
				CLANG_WARN_OBJC_ROOT_CLASS = YES_ERROR;
				CLANG_WARN_QUOTED_INCLUDE_IN_FRAMEWORK_HEADER = YES;
				CLANG_WARN_RANGE_LOOP_ANALYSIS = YES;
				CLANG_WARN_STRICT_PROTOTYPES = YES;
				CLANG_WARN_SUSPICIOUS_MOVE = YES;
				CLANG_WARN_UNGUARDED_AVAILABILITY = YES_AGGRESSIVE;
				CLANG_WARN_UNREACHABLE_CODE = YES;
				CLANG_WARN__DUPLICATE_METHOD_MATCH = YES;
				COPY_PHASE_STRIP = NO;
				DEBUG_INFORMATION_FORMAT = "dwarf-with-dsym";
				ENABLE_NS_ASSERTIONS = NO;
				ENABLE_STRICT_OBJC_MSGSEND = YES;
				GCC_C_LANGUAGE_STANDARD = gnu11;
				GCC_NO_COMMON_BLOCKS = YES;
				GCC_WARN_64_TO_32_BIT_CONVERSION = YES;
				GCC_WARN_ABOUT_RETURN_TYPE = YES_ERROR;
				GCC_WARN_UNDECLARED_SELECTOR = YES;
				GCC_WARN_UNINITIALIZED_AUTOS = YES_AGGRESSIVE;
				GCC_WARN_UNUSED_FUNCTION = YES;
				GCC_WARN_UNUSED_VARIABLE = YES;
				IPHONEOS_DEPLOYMENT_TARGET = 14.4;
				MTL_ENABLE_DEBUG_INFO = NO;
				MTL_FAST_MATH = YES;
				SDKROOT = iphoneos;
				SWIFT_COMPILATION_MODE = wholemodule;
				SWIFT_OPTIMIZATION_LEVEL = "-O";
				VALIDATE_PRODUCT = YES;
			};
			name = Release;
		};
		E5AA6487271F4F0500D3C4A8 /* Debug */ = {
			isa = XCBuildConfiguration;
			baseConfigurationReference = 843EAE000E15DC405B799A3A /* Pods-443App.debug.xcconfig */;
			buildSettings = {
				ASSETCATALOG_COMPILER_APPICON_NAME = AppIcon;
				ASSETCATALOG_COMPILER_GLOBAL_ACCENT_COLOR_NAME = AccentColor;
				CODE_SIGN_STYLE = Automatic;
				DEVELOPMENT_ASSET_PATHS = "\"443App/Preview Content\"";
				ENABLE_PREVIEWS = YES;
				INFOPLIST_FILE = 443App/Info.plist;
				LD_RUNPATH_SEARCH_PATHS = (
					"$(inherited)",
					"@executable_path/Frameworks",
				);
				PRODUCT_BUNDLE_IDENTIFIER = "simranvirdi.-43App";
				PRODUCT_NAME = "$(TARGET_NAME)";
				SWIFT_VERSION = 5.0;
				TARGETED_DEVICE_FAMILY = "1,2";
			};
			name = Debug;
		};
		E5AA6488271F4F0500D3C4A8 /* Release */ = {
			isa = XCBuildConfiguration;
			baseConfigurationReference = B573E886DAA6AAFBD02295C1 /* Pods-443App.release.xcconfig */;
			buildSettings = {
				ASSETCATALOG_COMPILER_APPICON_NAME = AppIcon;
				ASSETCATALOG_COMPILER_GLOBAL_ACCENT_COLOR_NAME = AccentColor;
				CODE_SIGN_STYLE = Automatic;
				DEVELOPMENT_ASSET_PATHS = "\"443App/Preview Content\"";
				ENABLE_PREVIEWS = YES;
				INFOPLIST_FILE = 443App/Info.plist;
				LD_RUNPATH_SEARCH_PATHS = (
					"$(inherited)",
					"@executable_path/Frameworks",
				);
				PRODUCT_BUNDLE_IDENTIFIER = "simranvirdi.-43App";
				PRODUCT_NAME = "$(TARGET_NAME)";
				SWIFT_VERSION = 5.0;
				TARGETED_DEVICE_FAMILY = "1,2";
			};
			name = Release;
		};
		E5AA648A271F4F0500D3C4A8 /* Debug */ = {
			isa = XCBuildConfiguration;
			baseConfigurationReference = 1514CA784F2DDBD3DDA2165E /* Pods-443AppTests.debug.xcconfig */;
			buildSettings = {
				ALWAYS_EMBED_SWIFT_STANDARD_LIBRARIES = YES;
				BUNDLE_LOADER = "$(TEST_HOST)";
				CODE_SIGN_STYLE = Automatic;
				INFOPLIST_FILE = 443AppTests/Info.plist;
				IPHONEOS_DEPLOYMENT_TARGET = 14.4;
				LD_RUNPATH_SEARCH_PATHS = (
					"$(inherited)",
					"@executable_path/Frameworks",
					"@loader_path/Frameworks",
				);
				PRODUCT_BUNDLE_IDENTIFIER = "simranvirdi.-43AppTests";
				PRODUCT_NAME = "$(TARGET_NAME)";
				SWIFT_VERSION = 5.0;
				TARGETED_DEVICE_FAMILY = "1,2";
				TEST_HOST = "$(BUILT_PRODUCTS_DIR)/443App.app/443App";
			};
			name = Debug;
		};
		E5AA648B271F4F0500D3C4A8 /* Release */ = {
			isa = XCBuildConfiguration;
			baseConfigurationReference = E3355DD6346528E405A955EA /* Pods-443AppTests.release.xcconfig */;
			buildSettings = {
				ALWAYS_EMBED_SWIFT_STANDARD_LIBRARIES = YES;
				BUNDLE_LOADER = "$(TEST_HOST)";
				CODE_SIGN_STYLE = Automatic;
				INFOPLIST_FILE = 443AppTests/Info.plist;
				IPHONEOS_DEPLOYMENT_TARGET = 14.4;
				LD_RUNPATH_SEARCH_PATHS = (
					"$(inherited)",
					"@executable_path/Frameworks",
					"@loader_path/Frameworks",
				);
				PRODUCT_BUNDLE_IDENTIFIER = "simranvirdi.-43AppTests";
				PRODUCT_NAME = "$(TARGET_NAME)";
				SWIFT_VERSION = 5.0;
				TARGETED_DEVICE_FAMILY = "1,2";
				TEST_HOST = "$(BUILT_PRODUCTS_DIR)/443App.app/443App";
			};
			name = Release;
		};
		E5AA648D271F4F0500D3C4A8 /* Debug */ = {
			isa = XCBuildConfiguration;
			baseConfigurationReference = 3CED6E601F69D339630BB7DA /* Pods-443App-443AppUITests.debug.xcconfig */;
			buildSettings = {
				ALWAYS_EMBED_SWIFT_STANDARD_LIBRARIES = YES;
				CODE_SIGN_STYLE = Automatic;
				INFOPLIST_FILE = 443AppUITests/Info.plist;
				LD_RUNPATH_SEARCH_PATHS = (
					"$(inherited)",
					"@executable_path/Frameworks",
					"@loader_path/Frameworks",
				);
				PRODUCT_BUNDLE_IDENTIFIER = "simranvirdi.-43AppUITests";
				PRODUCT_NAME = "$(TARGET_NAME)";
				SWIFT_VERSION = 5.0;
				TARGETED_DEVICE_FAMILY = "1,2";
				TEST_TARGET_NAME = 443App;
			};
			name = Debug;
		};
		E5AA648E271F4F0500D3C4A8 /* Release */ = {
			isa = XCBuildConfiguration;
			baseConfigurationReference = 0CB64B05FA01B4A96951EA4E /* Pods-443App-443AppUITests.release.xcconfig */;
			buildSettings = {
				ALWAYS_EMBED_SWIFT_STANDARD_LIBRARIES = YES;
				CODE_SIGN_STYLE = Automatic;
				INFOPLIST_FILE = 443AppUITests/Info.plist;
				LD_RUNPATH_SEARCH_PATHS = (
					"$(inherited)",
					"@executable_path/Frameworks",
					"@loader_path/Frameworks",
				);
				PRODUCT_BUNDLE_IDENTIFIER = "simranvirdi.-43AppUITests";
				PRODUCT_NAME = "$(TARGET_NAME)";
				SWIFT_VERSION = 5.0;
				TARGETED_DEVICE_FAMILY = "1,2";
				TEST_TARGET_NAME = 443App;
			};
			name = Release;
		};
/* End XCBuildConfiguration section */

/* Begin XCConfigurationList section */
		E5AA6454271F4EFC00D3C4A8 /* Build configuration list for PBXProject "443App" */ = {
			isa = XCConfigurationList;
			buildConfigurations = (
				E5AA6484271F4F0500D3C4A8 /* Debug */,
				E5AA6485271F4F0500D3C4A8 /* Release */,
			);
			defaultConfigurationIsVisible = 0;
			defaultConfigurationName = Release;
		};
		E5AA6486271F4F0500D3C4A8 /* Build configuration list for PBXNativeTarget "443App" */ = {
			isa = XCConfigurationList;
			buildConfigurations = (
				E5AA6487271F4F0500D3C4A8 /* Debug */,
				E5AA6488271F4F0500D3C4A8 /* Release */,
			);
			defaultConfigurationIsVisible = 0;
			defaultConfigurationName = Release;
		};
		E5AA6489271F4F0500D3C4A8 /* Build configuration list for PBXNativeTarget "443AppTests" */ = {
			isa = XCConfigurationList;
			buildConfigurations = (
				E5AA648A271F4F0500D3C4A8 /* Debug */,
				E5AA648B271F4F0500D3C4A8 /* Release */,
			);
			defaultConfigurationIsVisible = 0;
			defaultConfigurationName = Release;
		};
		E5AA648C271F4F0500D3C4A8 /* Build configuration list for PBXNativeTarget "443AppUITests" */ = {
			isa = XCConfigurationList;
			buildConfigurations = (
				E5AA648D271F4F0500D3C4A8 /* Debug */,
				E5AA648E271F4F0500D3C4A8 /* Release */,
			);
			defaultConfigurationIsVisible = 0;
			defaultConfigurationName = Release;
		};
/* End XCConfigurationList section */

/* Begin XCVersionGroup section */
		E5AA6462271F4EFC00D3C4A8 /* _43App.xcdatamodeld */ = {
			isa = XCVersionGroup;
			children = (
				E5AA6463271F4EFC00D3C4A8 /* _43App.xcdatamodel */,
			);
			currentVersion = E5AA6463271F4EFC00D3C4A8 /* _43App.xcdatamodel */;
			path = _43App.xcdatamodeld;
			sourceTree = "<group>";
			versionGroupType = wrapper.xcdatamodel;
		};
/* End XCVersionGroup section */
	};
	rootObject = E5AA6451271F4EFC00D3C4A8 /* Project object */;
}
